// !$*UTF8*$!
{
	archiveVersion = 1;
	classes = {
	};
	objectVersion = 48;
	objects = {

/* Begin PBXAggregateTarget section */
		CF39802B1DAE7AC500A7C36C /* Documentation */ = {
			isa = PBXAggregateTarget;
			buildConfigurationList = CF39802C1DAE7AC600A7C36C /* Build configuration list for PBXAggregateTarget "Documentation" */;
			buildPhases = (
				CF39802F1DAE7AE100A7C36C /* Build Documentation */,
			);
			dependencies = (
			);
			name = Documentation;
			productName = Documentation;
		};
/* End PBXAggregateTarget section */

/* Begin PBXBuildFile section */
		CF397F2A1DA9609C00A7C36C /* SensingKit.framework in Frameworks */ = {isa = PBXBuildFile; fileRef = CF397F201DA9609C00A7C36C /* SensingKit.framework */; };
		CF397F2F1DA9609C00A7C36C /* SensingKitTests.m in Sources */ = {isa = PBXBuildFile; fileRef = CF397F2E1DA9609C00A7C36C /* SensingKitTests.m */; };
		CF397F311DA9609C00A7C36C /* SensingKit.h in Headers */ = {isa = PBXBuildFile; fileRef = CF397F231DA9609C00A7C36C /* SensingKit.h */; settings = {ATTRIBUTES = (Public, ); }; };
		CF397FAB1DAE6C9A00A7C36C /* NSString+SensorType.h in Headers */ = {isa = PBXBuildFile; fileRef = CF397F461DAE6C9A00A7C36C /* NSString+SensorType.h */; settings = {ATTRIBUTES = (Public, ); }; };
		CF397FAC1DAE6C9A00A7C36C /* NSString+SensorType.m in Sources */ = {isa = PBXBuildFile; fileRef = CF397F471DAE6C9A00A7C36C /* NSString+SensorType.m */; };
		CF397FAD1DAE6C9A00A7C36C /* SensingKitLib.h in Headers */ = {isa = PBXBuildFile; fileRef = CF397F481DAE6C9A00A7C36C /* SensingKitLib.h */; settings = {ATTRIBUTES = (Public, ); }; };
		CF397FAE1DAE6C9A00A7C36C /* SensingKitLib.m in Sources */ = {isa = PBXBuildFile; fileRef = CF397F491DAE6C9A00A7C36C /* SensingKitLib.m */; };
		CF397FAF1DAE6C9A00A7C36C /* SKAbstractSensor.h in Headers */ = {isa = PBXBuildFile; fileRef = CF397F4A1DAE6C9A00A7C36C /* SKAbstractSensor.h */; };
		CF397FB01DAE6C9A00A7C36C /* SKAbstractSensor.m in Sources */ = {isa = PBXBuildFile; fileRef = CF397F4B1DAE6C9A00A7C36C /* SKAbstractSensor.m */; };
		CF397FB11DAE6C9A00A7C36C /* SKAccelerometer.h in Headers */ = {isa = PBXBuildFile; fileRef = CF397F4C1DAE6C9A00A7C36C /* SKAccelerometer.h */; };
		CF397FB21DAE6C9A00A7C36C /* SKAccelerometer.m in Sources */ = {isa = PBXBuildFile; fileRef = CF397F4D1DAE6C9A00A7C36C /* SKAccelerometer.m */; };
		CF397FB31DAE6C9A00A7C36C /* SKAccelerometerConfiguration.h in Headers */ = {isa = PBXBuildFile; fileRef = CF397F4E1DAE6C9A00A7C36C /* SKAccelerometerConfiguration.h */; settings = {ATTRIBUTES = (Public, ); }; };
		CF397FB41DAE6C9A00A7C36C /* SKAccelerometerConfiguration.m in Sources */ = {isa = PBXBuildFile; fileRef = CF397F4F1DAE6C9A00A7C36C /* SKAccelerometerConfiguration.m */; };
		CF397FB51DAE6C9A00A7C36C /* SKAccelerometerData.h in Headers */ = {isa = PBXBuildFile; fileRef = CF397F501DAE6C9A00A7C36C /* SKAccelerometerData.h */; settings = {ATTRIBUTES = (Public, ); }; };
		CF397FB61DAE6C9A00A7C36C /* SKAccelerometerData.m in Sources */ = {isa = PBXBuildFile; fileRef = CF397F511DAE6C9A00A7C36C /* SKAccelerometerData.m */; };
		CF397FB71DAE6C9A00A7C36C /* SKAltimeter.h in Headers */ = {isa = PBXBuildFile; fileRef = CF397F521DAE6C9A00A7C36C /* SKAltimeter.h */; };
		CF397FB81DAE6C9A00A7C36C /* SKAltimeter.m in Sources */ = {isa = PBXBuildFile; fileRef = CF397F531DAE6C9A00A7C36C /* SKAltimeter.m */; };
		CF397FB91DAE6C9A00A7C36C /* SKAltimeterConfiguration.h in Headers */ = {isa = PBXBuildFile; fileRef = CF397F541DAE6C9A00A7C36C /* SKAltimeterConfiguration.h */; settings = {ATTRIBUTES = (Public, ); }; };
		CF397FBA1DAE6C9A00A7C36C /* SKAltimeterConfiguration.m in Sources */ = {isa = PBXBuildFile; fileRef = CF397F551DAE6C9A00A7C36C /* SKAltimeterConfiguration.m */; };
		CF397FBB1DAE6C9A00A7C36C /* SKAltimeterData.h in Headers */ = {isa = PBXBuildFile; fileRef = CF397F561DAE6C9A00A7C36C /* SKAltimeterData.h */; settings = {ATTRIBUTES = (Public, ); }; };
		CF397FBC1DAE6C9A00A7C36C /* SKAltimeterData.m in Sources */ = {isa = PBXBuildFile; fileRef = CF397F571DAE6C9A00A7C36C /* SKAltimeterData.m */; };
		CF397FBD1DAE6C9A00A7C36C /* SKBattery.h in Headers */ = {isa = PBXBuildFile; fileRef = CF397F581DAE6C9A00A7C36C /* SKBattery.h */; };
		CF397FBE1DAE6C9A00A7C36C /* SKBattery.m in Sources */ = {isa = PBXBuildFile; fileRef = CF397F591DAE6C9A00A7C36C /* SKBattery.m */; };
		CF397FBF1DAE6C9A00A7C36C /* SKBatteryConfiguration.h in Headers */ = {isa = PBXBuildFile; fileRef = CF397F5A1DAE6C9A00A7C36C /* SKBatteryConfiguration.h */; settings = {ATTRIBUTES = (Public, ); }; };
		CF397FC01DAE6C9A00A7C36C /* SKBatteryConfiguration.m in Sources */ = {isa = PBXBuildFile; fileRef = CF397F5B1DAE6C9A00A7C36C /* SKBatteryConfiguration.m */; };
		CF397FC11DAE6C9A00A7C36C /* SKBatteryData.h in Headers */ = {isa = PBXBuildFile; fileRef = CF397F5C1DAE6C9A00A7C36C /* SKBatteryData.h */; settings = {ATTRIBUTES = (Public, ); }; };
		CF397FC21DAE6C9A00A7C36C /* SKBatteryData.m in Sources */ = {isa = PBXBuildFile; fileRef = CF397F5D1DAE6C9A00A7C36C /* SKBatteryData.m */; };
		CF397FC31DAE6C9A00A7C36C /* SKConfiguration.h in Headers */ = {isa = PBXBuildFile; fileRef = CF397F5E1DAE6C9A00A7C36C /* SKConfiguration.h */; settings = {ATTRIBUTES = (Public, ); }; };
		CF397FC41DAE6C9A00A7C36C /* SKConfiguration.m in Sources */ = {isa = PBXBuildFile; fileRef = CF397F5F1DAE6C9A00A7C36C /* SKConfiguration.m */; };
		CF397FC51DAE6C9A00A7C36C /* SKDeviceMotion.h in Headers */ = {isa = PBXBuildFile; fileRef = CF397F601DAE6C9A00A7C36C /* SKDeviceMotion.h */; };
		CF397FC61DAE6C9A00A7C36C /* SKDeviceMotion.m in Sources */ = {isa = PBXBuildFile; fileRef = CF397F611DAE6C9A00A7C36C /* SKDeviceMotion.m */; };
		CF397FC71DAE6C9A00A7C36C /* SKDeviceMotionConfiguration.h in Headers */ = {isa = PBXBuildFile; fileRef = CF397F621DAE6C9A00A7C36C /* SKDeviceMotionConfiguration.h */; settings = {ATTRIBUTES = (Public, ); }; };
		CF397FC81DAE6C9A00A7C36C /* SKDeviceMotionConfiguration.m in Sources */ = {isa = PBXBuildFile; fileRef = CF397F631DAE6C9A00A7C36C /* SKDeviceMotionConfiguration.m */; };
		CF397FC91DAE6C9A00A7C36C /* SKDeviceMotionData.h in Headers */ = {isa = PBXBuildFile; fileRef = CF397F641DAE6C9A00A7C36C /* SKDeviceMotionData.h */; settings = {ATTRIBUTES = (Public, ); }; };
		CF397FCA1DAE6C9A00A7C36C /* SKDeviceMotionData.m in Sources */ = {isa = PBXBuildFile; fileRef = CF397F651DAE6C9A00A7C36C /* SKDeviceMotionData.m */; };
		CF397FCB1DAE6C9A00A7C36C /* SKEddystoneProximity.h in Headers */ = {isa = PBXBuildFile; fileRef = CF397F661DAE6C9A00A7C36C /* SKEddystoneProximity.h */; };
		CF397FCC1DAE6C9A00A7C36C /* SKEddystoneProximity.m in Sources */ = {isa = PBXBuildFile; fileRef = CF397F671DAE6C9A00A7C36C /* SKEddystoneProximity.m */; };
		CF397FCD1DAE6C9A00A7C36C /* SKEddystoneProximityConfiguration.h in Headers */ = {isa = PBXBuildFile; fileRef = CF397F681DAE6C9A00A7C36C /* SKEddystoneProximityConfiguration.h */; settings = {ATTRIBUTES = (Public, ); }; };
		CF397FCE1DAE6C9A00A7C36C /* SKEddystoneProximityConfiguration.m in Sources */ = {isa = PBXBuildFile; fileRef = CF397F691DAE6C9A00A7C36C /* SKEddystoneProximityConfiguration.m */; };
		CF397FCF1DAE6C9A00A7C36C /* SKEddystoneProximityData.h in Headers */ = {isa = PBXBuildFile; fileRef = CF397F6A1DAE6C9A00A7C36C /* SKEddystoneProximityData.h */; settings = {ATTRIBUTES = (Public, ); }; };
		CF397FD01DAE6C9A00A7C36C /* SKEddystoneProximityData.m in Sources */ = {isa = PBXBuildFile; fileRef = CF397F6B1DAE6C9A00A7C36C /* SKEddystoneProximityData.m */; };
		CF397FD11DAE6C9A00A7C36C /* SKErrors.h in Headers */ = {isa = PBXBuildFile; fileRef = CF397F6C1DAE6C9A00A7C36C /* SKErrors.h */; settings = {ATTRIBUTES = (Public, ); }; };
		CF397FD21DAE6C9A00A7C36C /* SKGyroscope.h in Headers */ = {isa = PBXBuildFile; fileRef = CF397F6D1DAE6C9A00A7C36C /* SKGyroscope.h */; };
		CF397FD31DAE6C9A00A7C36C /* SKGyroscope.m in Sources */ = {isa = PBXBuildFile; fileRef = CF397F6E1DAE6C9A00A7C36C /* SKGyroscope.m */; };
		CF397FD41DAE6C9A00A7C36C /* SKGyroscopeConfiguration.h in Headers */ = {isa = PBXBuildFile; fileRef = CF397F6F1DAE6C9A00A7C36C /* SKGyroscopeConfiguration.h */; settings = {ATTRIBUTES = (Public, ); }; };
		CF397FD51DAE6C9A00A7C36C /* SKGyroscopeConfiguration.m in Sources */ = {isa = PBXBuildFile; fileRef = CF397F701DAE6C9A00A7C36C /* SKGyroscopeConfiguration.m */; };
		CF397FD61DAE6C9A00A7C36C /* SKGyroscopeData.h in Headers */ = {isa = PBXBuildFile; fileRef = CF397F711DAE6C9A00A7C36C /* SKGyroscopeData.h */; settings = {ATTRIBUTES = (Public, ); }; };
		CF397FD71DAE6C9A00A7C36C /* SKGyroscopeData.m in Sources */ = {isa = PBXBuildFile; fileRef = CF397F721DAE6C9A00A7C36C /* SKGyroscopeData.m */; };
		CF397FD81DAE6C9A00A7C36C /* SKiBeaconDeviceData.h in Headers */ = {isa = PBXBuildFile; fileRef = CF397F731DAE6C9A00A7C36C /* SKiBeaconDeviceData.h */; settings = {ATTRIBUTES = (Public, ); }; };
		CF397FD91DAE6C9A00A7C36C /* SKiBeaconDeviceData.m in Sources */ = {isa = PBXBuildFile; fileRef = CF397F741DAE6C9A00A7C36C /* SKiBeaconDeviceData.m */; };
		CF397FDA1DAE6C9A00A7C36C /* SKiBeaconProximity.h in Headers */ = {isa = PBXBuildFile; fileRef = CF397F751DAE6C9A00A7C36C /* SKiBeaconProximity.h */; };
		CF397FDB1DAE6C9A00A7C36C /* SKiBeaconProximity.m in Sources */ = {isa = PBXBuildFile; fileRef = CF397F761DAE6C9A00A7C36C /* SKiBeaconProximity.m */; };
		CF397FDC1DAE6C9A00A7C36C /* SKiBeaconProximityConfiguration.h in Headers */ = {isa = PBXBuildFile; fileRef = CF397F771DAE6C9A00A7C36C /* SKiBeaconProximityConfiguration.h */; settings = {ATTRIBUTES = (Public, ); }; };
		CF397FDD1DAE6C9A00A7C36C /* SKiBeaconProximityConfiguration.m in Sources */ = {isa = PBXBuildFile; fileRef = CF397F781DAE6C9A00A7C36C /* SKiBeaconProximityConfiguration.m */; };
		CF397FDE1DAE6C9A00A7C36C /* SKLocation.h in Headers */ = {isa = PBXBuildFile; fileRef = CF397F791DAE6C9A00A7C36C /* SKLocation.h */; };
		CF397FDF1DAE6C9A00A7C36C /* SKLocation.m in Sources */ = {isa = PBXBuildFile; fileRef = CF397F7A1DAE6C9A00A7C36C /* SKLocation.m */; };
		CF397FE01DAE6C9A00A7C36C /* SKLocationConfiguration.h in Headers */ = {isa = PBXBuildFile; fileRef = CF397F7B1DAE6C9A00A7C36C /* SKLocationConfiguration.h */; settings = {ATTRIBUTES = (Public, ); }; };
		CF397FE11DAE6C9A00A7C36C /* SKLocationConfiguration.m in Sources */ = {isa = PBXBuildFile; fileRef = CF397F7C1DAE6C9A00A7C36C /* SKLocationConfiguration.m */; };
		CF397FE21DAE6C9A00A7C36C /* SKLocationData.h in Headers */ = {isa = PBXBuildFile; fileRef = CF397F7D1DAE6C9A00A7C36C /* SKLocationData.h */; settings = {ATTRIBUTES = (Public, ); }; };
		CF397FE31DAE6C9A00A7C36C /* SKLocationData.m in Sources */ = {isa = PBXBuildFile; fileRef = CF397F7E1DAE6C9A00A7C36C /* SKLocationData.m */; };
		CF397FE41DAE6C9A00A7C36C /* SKMagnetometer.h in Headers */ = {isa = PBXBuildFile; fileRef = CF397F7F1DAE6C9A00A7C36C /* SKMagnetometer.h */; };
		CF397FE51DAE6C9A00A7C36C /* SKMagnetometer.m in Sources */ = {isa = PBXBuildFile; fileRef = CF397F801DAE6C9A00A7C36C /* SKMagnetometer.m */; };
		CF397FE61DAE6C9A00A7C36C /* SKMagnetometerConfiguration.h in Headers */ = {isa = PBXBuildFile; fileRef = CF397F811DAE6C9A00A7C36C /* SKMagnetometerConfiguration.h */; settings = {ATTRIBUTES = (Public, ); }; };
		CF397FE71DAE6C9A00A7C36C /* SKMagnetometerConfiguration.m in Sources */ = {isa = PBXBuildFile; fileRef = CF397F821DAE6C9A00A7C36C /* SKMagnetometerConfiguration.m */; };
		CF397FE81DAE6C9A00A7C36C /* SKMagnetometerData.h in Headers */ = {isa = PBXBuildFile; fileRef = CF397F831DAE6C9A00A7C36C /* SKMagnetometerData.h */; settings = {ATTRIBUTES = (Public, ); }; };
		CF397FE91DAE6C9A00A7C36C /* SKMagnetometerData.m in Sources */ = {isa = PBXBuildFile; fileRef = CF397F841DAE6C9A00A7C36C /* SKMagnetometerData.m */; };
		CF397FEA1DAE6C9A00A7C36C /* SKMicrophone.h in Headers */ = {isa = PBXBuildFile; fileRef = CF397F851DAE6C9A00A7C36C /* SKMicrophone.h */; };
		CF397FEB1DAE6C9A00A7C36C /* SKMicrophone.m in Sources */ = {isa = PBXBuildFile; fileRef = CF397F861DAE6C9A00A7C36C /* SKMicrophone.m */; };
		CF397FEC1DAE6C9A00A7C36C /* SKMicrophoneConfiguration.h in Headers */ = {isa = PBXBuildFile; fileRef = CF397F871DAE6C9A00A7C36C /* SKMicrophoneConfiguration.h */; settings = {ATTRIBUTES = (Public, ); }; };
		CF397FED1DAE6C9A00A7C36C /* SKMicrophoneConfiguration.m in Sources */ = {isa = PBXBuildFile; fileRef = CF397F881DAE6C9A00A7C36C /* SKMicrophoneConfiguration.m */; };
		CF397FEE1DAE6C9A00A7C36C /* SKMicrophoneData.h in Headers */ = {isa = PBXBuildFile; fileRef = CF397F891DAE6C9A00A7C36C /* SKMicrophoneData.h */; settings = {ATTRIBUTES = (Public, ); }; };
		CF397FEF1DAE6C9A00A7C36C /* SKMicrophoneData.m in Sources */ = {isa = PBXBuildFile; fileRef = CF397F8A1DAE6C9A00A7C36C /* SKMicrophoneData.m */; };
		CF397FF01DAE6C9A00A7C36C /* SKMotionActivity.h in Headers */ = {isa = PBXBuildFile; fileRef = CF397F8B1DAE6C9A00A7C36C /* SKMotionActivity.h */; };
		CF397FF11DAE6C9A00A7C36C /* SKMotionActivity.m in Sources */ = {isa = PBXBuildFile; fileRef = CF397F8C1DAE6C9A00A7C36C /* SKMotionActivity.m */; };
		CF397FF21DAE6C9A00A7C36C /* SKMotionActivityConfiguration.h in Headers */ = {isa = PBXBuildFile; fileRef = CF397F8D1DAE6C9A00A7C36C /* SKMotionActivityConfiguration.h */; settings = {ATTRIBUTES = (Public, ); }; };
		CF397FF31DAE6C9A00A7C36C /* SKMotionActivityConfiguration.m in Sources */ = {isa = PBXBuildFile; fileRef = CF397F8E1DAE6C9A00A7C36C /* SKMotionActivityConfiguration.m */; };
		CF397FF41DAE6C9A00A7C36C /* SKMotionActivityData.h in Headers */ = {isa = PBXBuildFile; fileRef = CF397F8F1DAE6C9A00A7C36C /* SKMotionActivityData.h */; settings = {ATTRIBUTES = (Public, ); }; };
		CF397FF51DAE6C9A00A7C36C /* SKMotionActivityData.m in Sources */ = {isa = PBXBuildFile; fileRef = CF397F901DAE6C9A00A7C36C /* SKMotionActivityData.m */; };
		CF397FF61DAE6C9A00A7C36C /* SKMotionManager.h in Headers */ = {isa = PBXBuildFile; fileRef = CF397F911DAE6C9A00A7C36C /* SKMotionManager.h */; };
		CF397FF71DAE6C9A00A7C36C /* SKMotionManager.m in Sources */ = {isa = PBXBuildFile; fileRef = CF397F921DAE6C9A00A7C36C /* SKMotionManager.m */; };
		CF397FF81DAE6C9A00A7C36C /* SKPedometer.h in Headers */ = {isa = PBXBuildFile; fileRef = CF397F931DAE6C9A00A7C36C /* SKPedometer.h */; };
		CF397FF91DAE6C9A00A7C36C /* SKPedometer.m in Sources */ = {isa = PBXBuildFile; fileRef = CF397F941DAE6C9A00A7C36C /* SKPedometer.m */; };
		CF397FFA1DAE6C9A00A7C36C /* SKPedometerConfiguration.h in Headers */ = {isa = PBXBuildFile; fileRef = CF397F951DAE6C9A00A7C36C /* SKPedometerConfiguration.h */; settings = {ATTRIBUTES = (Public, ); }; };
		CF397FFB1DAE6C9A00A7C36C /* SKPedometerConfiguration.m in Sources */ = {isa = PBXBuildFile; fileRef = CF397F961DAE6C9A00A7C36C /* SKPedometerConfiguration.m */; };
		CF397FFC1DAE6C9A00A7C36C /* SKPedometerData.h in Headers */ = {isa = PBXBuildFile; fileRef = CF397F971DAE6C9A00A7C36C /* SKPedometerData.h */; settings = {ATTRIBUTES = (Public, ); }; };
		CF397FFD1DAE6C9A00A7C36C /* SKPedometerData.m in Sources */ = {isa = PBXBuildFile; fileRef = CF397F981DAE6C9A00A7C36C /* SKPedometerData.m */; };
		CF397FFE1DAE6C9A00A7C36C /* SKProximityData.h in Headers */ = {isa = PBXBuildFile; fileRef = CF397F991DAE6C9A00A7C36C /* SKProximityData.h */; settings = {ATTRIBUTES = (Public, ); }; };
		CF397FFF1DAE6C9A00A7C36C /* SKProximityData.m in Sources */ = {isa = PBXBuildFile; fileRef = CF397F9A1DAE6C9A00A7C36C /* SKProximityData.m */; };
		CF3980001DAE6C9A00A7C36C /* SKSampleRateConfiguration.h in Headers */ = {isa = PBXBuildFile; fileRef = CF397F9B1DAE6C9A00A7C36C /* SKSampleRateConfiguration.h */; settings = {ATTRIBUTES = (Public, ); }; };
		CF3980011DAE6C9A00A7C36C /* SKSampleRateConfiguration.m in Sources */ = {isa = PBXBuildFile; fileRef = CF397F9C1DAE6C9A00A7C36C /* SKSampleRateConfiguration.m */; };
		CF3980081DAE6C9A00A7C36C /* SKSensorData.h in Headers */ = {isa = PBXBuildFile; fileRef = CF397FA31DAE6C9A00A7C36C /* SKSensorData.h */; settings = {ATTRIBUTES = (Public, ); }; };
		CF3980091DAE6C9A00A7C36C /* SKSensorData.m in Sources */ = {isa = PBXBuildFile; fileRef = CF397FA41DAE6C9A00A7C36C /* SKSensorData.m */; };
		CF39800A1DAE6C9A00A7C36C /* SKSensorDataHandler.h in Headers */ = {isa = PBXBuildFile; fileRef = CF397FA51DAE6C9A00A7C36C /* SKSensorDataHandler.h */; settings = {ATTRIBUTES = (Public, ); }; };
		CF39800B1DAE6C9A00A7C36C /* SKSensorManager.h in Headers */ = {isa = PBXBuildFile; fileRef = CF397FA61DAE6C9A00A7C36C /* SKSensorManager.h */; };
		CF39800C1DAE6C9A00A7C36C /* SKSensorManager.m in Sources */ = {isa = PBXBuildFile; fileRef = CF397FA71DAE6C9A00A7C36C /* SKSensorManager.m */; };
		CF39800D1DAE6C9A00A7C36C /* SKSensorTimestamp.h in Headers */ = {isa = PBXBuildFile; fileRef = CF397FA81DAE6C9A00A7C36C /* SKSensorTimestamp.h */; settings = {ATTRIBUTES = (Public, ); }; };
		CF39800E1DAE6C9A00A7C36C /* SKSensorTimestamp.m in Sources */ = {isa = PBXBuildFile; fileRef = CF397FA91DAE6C9A00A7C36C /* SKSensorTimestamp.m */; };
		CF39800F1DAE6C9A00A7C36C /* SKSensorType.h in Headers */ = {isa = PBXBuildFile; fileRef = CF397FAA1DAE6C9A00A7C36C /* SKSensorType.h */; settings = {ATTRIBUTES = (Public, ); }; };
		CF39801E1DAE6E6800A7C36C /* AUTHORS in Resources */ = {isa = PBXBuildFile; fileRef = CF3980151DAE6E6800A7C36C /* AUTHORS */; };
		CF39801F1DAE6E6800A7C36C /* CONTRIBUTORS in Resources */ = {isa = PBXBuildFile; fileRef = CF3980161DAE6E6800A7C36C /* CONTRIBUTORS */; };
		CF3980201DAE6E6800A7C36C /* ESSBeaconScanner.h in Headers */ = {isa = PBXBuildFile; fileRef = CF3980171DAE6E6800A7C36C /* ESSBeaconScanner.h */; };
		CF3980211DAE6E6800A7C36C /* ESSBeaconScanner.m in Sources */ = {isa = PBXBuildFile; fileRef = CF3980181DAE6E6800A7C36C /* ESSBeaconScanner.m */; };
		CF3980221DAE6E6800A7C36C /* ESSEddystone.h in Headers */ = {isa = PBXBuildFile; fileRef = CF3980191DAE6E6800A7C36C /* ESSEddystone.h */; };
		CF3980231DAE6E6800A7C36C /* ESSEddystone.m in Sources */ = {isa = PBXBuildFile; fileRef = CF39801A1DAE6E6800A7C36C /* ESSEddystone.m */; };
		CF3980241DAE6E6800A7C36C /* ESSTimer.h in Headers */ = {isa = PBXBuildFile; fileRef = CF39801B1DAE6E6800A7C36C /* ESSTimer.h */; };
		CF3980251DAE6E6800A7C36C /* ESSTimer.m in Sources */ = {isa = PBXBuildFile; fileRef = CF39801C1DAE6E6800A7C36C /* ESSTimer.m */; };
		CF3980261DAE6E6800A7C36C /* LICENSE in Resources */ = {isa = PBXBuildFile; fileRef = CF39801D1DAE6E6800A7C36C /* LICENSE */; };
/* End PBXBuildFile section */

/* Begin PBXContainerItemProxy section */
		CF397F2B1DA9609C00A7C36C /* PBXContainerItemProxy */ = {
			isa = PBXContainerItemProxy;
			containerPortal = CF397F171DA9609C00A7C36C /* Project object */;
			proxyType = 1;
			remoteGlobalIDString = CF397F1F1DA9609C00A7C36C;
			remoteInfo = SensingKit;
		};
/* End PBXContainerItemProxy section */

/* Begin PBXFileReference section */
		CF397F201DA9609C00A7C36C /* SensingKit.framework */ = {isa = PBXFileReference; explicitFileType = wrapper.framework; includeInIndex = 0; path = SensingKit.framework; sourceTree = BUILT_PRODUCTS_DIR; };
		CF397F231DA9609C00A7C36C /* SensingKit.h */ = {isa = PBXFileReference; lastKnownFileType = sourcecode.c.h; name = SensingKit.h; path = SensingKit/SensingKit.h; sourceTree = "<group>"; };
		CF397F241DA9609C00A7C36C /* Info.plist */ = {isa = PBXFileReference; lastKnownFileType = text.plist.xml; name = Info.plist; path = SensingKit/Info.plist; sourceTree = "<group>"; };
		CF397F291DA9609C00A7C36C /* SensingKitTests.xctest */ = {isa = PBXFileReference; explicitFileType = wrapper.cfbundle; includeInIndex = 0; path = SensingKitTests.xctest; sourceTree = BUILT_PRODUCTS_DIR; };
		CF397F2E1DA9609C00A7C36C /* SensingKitTests.m */ = {isa = PBXFileReference; lastKnownFileType = sourcecode.c.objc; path = SensingKitTests.m; sourceTree = "<group>"; };
		CF397F301DA9609C00A7C36C /* Info.plist */ = {isa = PBXFileReference; lastKnownFileType = text.plist.xml; path = Info.plist; sourceTree = "<group>"; };
		CF397F461DAE6C9A00A7C36C /* NSString+SensorType.h */ = {isa = PBXFileReference; fileEncoding = 4; lastKnownFileType = sourcecode.c.h; path = "NSString+SensorType.h"; sourceTree = "<group>"; };
		CF397F471DAE6C9A00A7C36C /* NSString+SensorType.m */ = {isa = PBXFileReference; fileEncoding = 4; lastKnownFileType = sourcecode.c.objc; path = "NSString+SensorType.m"; sourceTree = "<group>"; };
		CF397F481DAE6C9A00A7C36C /* SensingKitLib.h */ = {isa = PBXFileReference; fileEncoding = 4; lastKnownFileType = sourcecode.c.h; path = SensingKitLib.h; sourceTree = "<group>"; };
		CF397F491DAE6C9A00A7C36C /* SensingKitLib.m */ = {isa = PBXFileReference; fileEncoding = 4; lastKnownFileType = sourcecode.c.objc; path = SensingKitLib.m; sourceTree = "<group>"; };
		CF397F4A1DAE6C9A00A7C36C /* SKAbstractSensor.h */ = {isa = PBXFileReference; fileEncoding = 4; lastKnownFileType = sourcecode.c.h; path = SKAbstractSensor.h; sourceTree = "<group>"; };
		CF397F4B1DAE6C9A00A7C36C /* SKAbstractSensor.m */ = {isa = PBXFileReference; fileEncoding = 4; lastKnownFileType = sourcecode.c.objc; path = SKAbstractSensor.m; sourceTree = "<group>"; };
		CF397F4C1DAE6C9A00A7C36C /* SKAccelerometer.h */ = {isa = PBXFileReference; fileEncoding = 4; lastKnownFileType = sourcecode.c.h; path = SKAccelerometer.h; sourceTree = "<group>"; };
		CF397F4D1DAE6C9A00A7C36C /* SKAccelerometer.m */ = {isa = PBXFileReference; fileEncoding = 4; lastKnownFileType = sourcecode.c.objc; path = SKAccelerometer.m; sourceTree = "<group>"; };
		CF397F4E1DAE6C9A00A7C36C /* SKAccelerometerConfiguration.h */ = {isa = PBXFileReference; fileEncoding = 4; lastKnownFileType = sourcecode.c.h; path = SKAccelerometerConfiguration.h; sourceTree = "<group>"; };
		CF397F4F1DAE6C9A00A7C36C /* SKAccelerometerConfiguration.m */ = {isa = PBXFileReference; fileEncoding = 4; lastKnownFileType = sourcecode.c.objc; path = SKAccelerometerConfiguration.m; sourceTree = "<group>"; };
		CF397F501DAE6C9A00A7C36C /* SKAccelerometerData.h */ = {isa = PBXFileReference; fileEncoding = 4; lastKnownFileType = sourcecode.c.h; path = SKAccelerometerData.h; sourceTree = "<group>"; };
		CF397F511DAE6C9A00A7C36C /* SKAccelerometerData.m */ = {isa = PBXFileReference; fileEncoding = 4; lastKnownFileType = sourcecode.c.objc; path = SKAccelerometerData.m; sourceTree = "<group>"; };
		CF397F521DAE6C9A00A7C36C /* SKAltimeter.h */ = {isa = PBXFileReference; fileEncoding = 4; lastKnownFileType = sourcecode.c.h; path = SKAltimeter.h; sourceTree = "<group>"; };
		CF397F531DAE6C9A00A7C36C /* SKAltimeter.m */ = {isa = PBXFileReference; fileEncoding = 4; lastKnownFileType = sourcecode.c.objc; path = SKAltimeter.m; sourceTree = "<group>"; };
		CF397F541DAE6C9A00A7C36C /* SKAltimeterConfiguration.h */ = {isa = PBXFileReference; fileEncoding = 4; lastKnownFileType = sourcecode.c.h; path = SKAltimeterConfiguration.h; sourceTree = "<group>"; };
		CF397F551DAE6C9A00A7C36C /* SKAltimeterConfiguration.m */ = {isa = PBXFileReference; fileEncoding = 4; lastKnownFileType = sourcecode.c.objc; path = SKAltimeterConfiguration.m; sourceTree = "<group>"; };
		CF397F561DAE6C9A00A7C36C /* SKAltimeterData.h */ = {isa = PBXFileReference; fileEncoding = 4; lastKnownFileType = sourcecode.c.h; path = SKAltimeterData.h; sourceTree = "<group>"; };
		CF397F571DAE6C9A00A7C36C /* SKAltimeterData.m */ = {isa = PBXFileReference; fileEncoding = 4; lastKnownFileType = sourcecode.c.objc; path = SKAltimeterData.m; sourceTree = "<group>"; };
		CF397F581DAE6C9A00A7C36C /* SKBattery.h */ = {isa = PBXFileReference; fileEncoding = 4; lastKnownFileType = sourcecode.c.h; path = SKBattery.h; sourceTree = "<group>"; };
		CF397F591DAE6C9A00A7C36C /* SKBattery.m */ = {isa = PBXFileReference; fileEncoding = 4; lastKnownFileType = sourcecode.c.objc; path = SKBattery.m; sourceTree = "<group>"; };
		CF397F5A1DAE6C9A00A7C36C /* SKBatteryConfiguration.h */ = {isa = PBXFileReference; fileEncoding = 4; lastKnownFileType = sourcecode.c.h; path = SKBatteryConfiguration.h; sourceTree = "<group>"; };
		CF397F5B1DAE6C9A00A7C36C /* SKBatteryConfiguration.m */ = {isa = PBXFileReference; fileEncoding = 4; lastKnownFileType = sourcecode.c.objc; path = SKBatteryConfiguration.m; sourceTree = "<group>"; };
		CF397F5C1DAE6C9A00A7C36C /* SKBatteryData.h */ = {isa = PBXFileReference; fileEncoding = 4; lastKnownFileType = sourcecode.c.h; path = SKBatteryData.h; sourceTree = "<group>"; };
		CF397F5D1DAE6C9A00A7C36C /* SKBatteryData.m */ = {isa = PBXFileReference; fileEncoding = 4; lastKnownFileType = sourcecode.c.objc; path = SKBatteryData.m; sourceTree = "<group>"; };
		CF397F5E1DAE6C9A00A7C36C /* SKConfiguration.h */ = {isa = PBXFileReference; fileEncoding = 4; lastKnownFileType = sourcecode.c.h; path = SKConfiguration.h; sourceTree = "<group>"; };
		CF397F5F1DAE6C9A00A7C36C /* SKConfiguration.m */ = {isa = PBXFileReference; fileEncoding = 4; lastKnownFileType = sourcecode.c.objc; path = SKConfiguration.m; sourceTree = "<group>"; };
		CF397F601DAE6C9A00A7C36C /* SKDeviceMotion.h */ = {isa = PBXFileReference; fileEncoding = 4; lastKnownFileType = sourcecode.c.h; path = SKDeviceMotion.h; sourceTree = "<group>"; };
		CF397F611DAE6C9A00A7C36C /* SKDeviceMotion.m */ = {isa = PBXFileReference; fileEncoding = 4; lastKnownFileType = sourcecode.c.objc; path = SKDeviceMotion.m; sourceTree = "<group>"; };
		CF397F621DAE6C9A00A7C36C /* SKDeviceMotionConfiguration.h */ = {isa = PBXFileReference; fileEncoding = 4; lastKnownFileType = sourcecode.c.h; path = SKDeviceMotionConfiguration.h; sourceTree = "<group>"; };
		CF397F631DAE6C9A00A7C36C /* SKDeviceMotionConfiguration.m */ = {isa = PBXFileReference; fileEncoding = 4; lastKnownFileType = sourcecode.c.objc; path = SKDeviceMotionConfiguration.m; sourceTree = "<group>"; };
		CF397F641DAE6C9A00A7C36C /* SKDeviceMotionData.h */ = {isa = PBXFileReference; fileEncoding = 4; lastKnownFileType = sourcecode.c.h; path = SKDeviceMotionData.h; sourceTree = "<group>"; };
		CF397F651DAE6C9A00A7C36C /* SKDeviceMotionData.m */ = {isa = PBXFileReference; fileEncoding = 4; lastKnownFileType = sourcecode.c.objc; path = SKDeviceMotionData.m; sourceTree = "<group>"; };
		CF397F661DAE6C9A00A7C36C /* SKEddystoneProximity.h */ = {isa = PBXFileReference; fileEncoding = 4; lastKnownFileType = sourcecode.c.h; path = SKEddystoneProximity.h; sourceTree = "<group>"; };
		CF397F671DAE6C9A00A7C36C /* SKEddystoneProximity.m */ = {isa = PBXFileReference; fileEncoding = 4; lastKnownFileType = sourcecode.c.objc; path = SKEddystoneProximity.m; sourceTree = "<group>"; };
		CF397F681DAE6C9A00A7C36C /* SKEddystoneProximityConfiguration.h */ = {isa = PBXFileReference; fileEncoding = 4; lastKnownFileType = sourcecode.c.h; path = SKEddystoneProximityConfiguration.h; sourceTree = "<group>"; };
		CF397F691DAE6C9A00A7C36C /* SKEddystoneProximityConfiguration.m */ = {isa = PBXFileReference; fileEncoding = 4; lastKnownFileType = sourcecode.c.objc; path = SKEddystoneProximityConfiguration.m; sourceTree = "<group>"; };
		CF397F6A1DAE6C9A00A7C36C /* SKEddystoneProximityData.h */ = {isa = PBXFileReference; fileEncoding = 4; lastKnownFileType = sourcecode.c.h; path = SKEddystoneProximityData.h; sourceTree = "<group>"; };
		CF397F6B1DAE6C9A00A7C36C /* SKEddystoneProximityData.m */ = {isa = PBXFileReference; fileEncoding = 4; lastKnownFileType = sourcecode.c.objc; path = SKEddystoneProximityData.m; sourceTree = "<group>"; };
		CF397F6C1DAE6C9A00A7C36C /* SKErrors.h */ = {isa = PBXFileReference; fileEncoding = 4; lastKnownFileType = sourcecode.c.h; path = SKErrors.h; sourceTree = "<group>"; };
		CF397F6D1DAE6C9A00A7C36C /* SKGyroscope.h */ = {isa = PBXFileReference; fileEncoding = 4; lastKnownFileType = sourcecode.c.h; path = SKGyroscope.h; sourceTree = "<group>"; };
		CF397F6E1DAE6C9A00A7C36C /* SKGyroscope.m */ = {isa = PBXFileReference; fileEncoding = 4; lastKnownFileType = sourcecode.c.objc; path = SKGyroscope.m; sourceTree = "<group>"; };
		CF397F6F1DAE6C9A00A7C36C /* SKGyroscopeConfiguration.h */ = {isa = PBXFileReference; fileEncoding = 4; lastKnownFileType = sourcecode.c.h; path = SKGyroscopeConfiguration.h; sourceTree = "<group>"; };
		CF397F701DAE6C9A00A7C36C /* SKGyroscopeConfiguration.m */ = {isa = PBXFileReference; fileEncoding = 4; lastKnownFileType = sourcecode.c.objc; path = SKGyroscopeConfiguration.m; sourceTree = "<group>"; };
		CF397F711DAE6C9A00A7C36C /* SKGyroscopeData.h */ = {isa = PBXFileReference; fileEncoding = 4; lastKnownFileType = sourcecode.c.h; path = SKGyroscopeData.h; sourceTree = "<group>"; };
		CF397F721DAE6C9A00A7C36C /* SKGyroscopeData.m */ = {isa = PBXFileReference; fileEncoding = 4; lastKnownFileType = sourcecode.c.objc; path = SKGyroscopeData.m; sourceTree = "<group>"; };
		CF397F731DAE6C9A00A7C36C /* SKiBeaconDeviceData.h */ = {isa = PBXFileReference; fileEncoding = 4; lastKnownFileType = sourcecode.c.h; path = SKiBeaconDeviceData.h; sourceTree = "<group>"; };
		CF397F741DAE6C9A00A7C36C /* SKiBeaconDeviceData.m */ = {isa = PBXFileReference; fileEncoding = 4; lastKnownFileType = sourcecode.c.objc; path = SKiBeaconDeviceData.m; sourceTree = "<group>"; };
		CF397F751DAE6C9A00A7C36C /* SKiBeaconProximity.h */ = {isa = PBXFileReference; fileEncoding = 4; lastKnownFileType = sourcecode.c.h; path = SKiBeaconProximity.h; sourceTree = "<group>"; };
		CF397F761DAE6C9A00A7C36C /* SKiBeaconProximity.m */ = {isa = PBXFileReference; fileEncoding = 4; lastKnownFileType = sourcecode.c.objc; path = SKiBeaconProximity.m; sourceTree = "<group>"; };
		CF397F771DAE6C9A00A7C36C /* SKiBeaconProximityConfiguration.h */ = {isa = PBXFileReference; fileEncoding = 4; lastKnownFileType = sourcecode.c.h; path = SKiBeaconProximityConfiguration.h; sourceTree = "<group>"; };
		CF397F781DAE6C9A00A7C36C /* SKiBeaconProximityConfiguration.m */ = {isa = PBXFileReference; fileEncoding = 4; lastKnownFileType = sourcecode.c.objc; path = SKiBeaconProximityConfiguration.m; sourceTree = "<group>"; };
		CF397F791DAE6C9A00A7C36C /* SKLocation.h */ = {isa = PBXFileReference; fileEncoding = 4; lastKnownFileType = sourcecode.c.h; path = SKLocation.h; sourceTree = "<group>"; };
		CF397F7A1DAE6C9A00A7C36C /* SKLocation.m */ = {isa = PBXFileReference; fileEncoding = 4; lastKnownFileType = sourcecode.c.objc; path = SKLocation.m; sourceTree = "<group>"; };
		CF397F7B1DAE6C9A00A7C36C /* SKLocationConfiguration.h */ = {isa = PBXFileReference; fileEncoding = 4; lastKnownFileType = sourcecode.c.h; path = SKLocationConfiguration.h; sourceTree = "<group>"; };
		CF397F7C1DAE6C9A00A7C36C /* SKLocationConfiguration.m */ = {isa = PBXFileReference; fileEncoding = 4; lastKnownFileType = sourcecode.c.objc; path = SKLocationConfiguration.m; sourceTree = "<group>"; };
		CF397F7D1DAE6C9A00A7C36C /* SKLocationData.h */ = {isa = PBXFileReference; fileEncoding = 4; lastKnownFileType = sourcecode.c.h; path = SKLocationData.h; sourceTree = "<group>"; };
		CF397F7E1DAE6C9A00A7C36C /* SKLocationData.m */ = {isa = PBXFileReference; fileEncoding = 4; lastKnownFileType = sourcecode.c.objc; path = SKLocationData.m; sourceTree = "<group>"; };
		CF397F7F1DAE6C9A00A7C36C /* SKMagnetometer.h */ = {isa = PBXFileReference; fileEncoding = 4; lastKnownFileType = sourcecode.c.h; path = SKMagnetometer.h; sourceTree = "<group>"; };
		CF397F801DAE6C9A00A7C36C /* SKMagnetometer.m */ = {isa = PBXFileReference; fileEncoding = 4; lastKnownFileType = sourcecode.c.objc; path = SKMagnetometer.m; sourceTree = "<group>"; };
		CF397F811DAE6C9A00A7C36C /* SKMagnetometerConfiguration.h */ = {isa = PBXFileReference; fileEncoding = 4; lastKnownFileType = sourcecode.c.h; path = SKMagnetometerConfiguration.h; sourceTree = "<group>"; };
		CF397F821DAE6C9A00A7C36C /* SKMagnetometerConfiguration.m */ = {isa = PBXFileReference; fileEncoding = 4; lastKnownFileType = sourcecode.c.objc; path = SKMagnetometerConfiguration.m; sourceTree = "<group>"; };
		CF397F831DAE6C9A00A7C36C /* SKMagnetometerData.h */ = {isa = PBXFileReference; fileEncoding = 4; lastKnownFileType = sourcecode.c.h; path = SKMagnetometerData.h; sourceTree = "<group>"; };
		CF397F841DAE6C9A00A7C36C /* SKMagnetometerData.m */ = {isa = PBXFileReference; fileEncoding = 4; lastKnownFileType = sourcecode.c.objc; path = SKMagnetometerData.m; sourceTree = "<group>"; };
		CF397F851DAE6C9A00A7C36C /* SKMicrophone.h */ = {isa = PBXFileReference; fileEncoding = 4; lastKnownFileType = sourcecode.c.h; path = SKMicrophone.h; sourceTree = "<group>"; };
		CF397F861DAE6C9A00A7C36C /* SKMicrophone.m */ = {isa = PBXFileReference; fileEncoding = 4; lastKnownFileType = sourcecode.c.objc; path = SKMicrophone.m; sourceTree = "<group>"; };
		CF397F871DAE6C9A00A7C36C /* SKMicrophoneConfiguration.h */ = {isa = PBXFileReference; fileEncoding = 4; lastKnownFileType = sourcecode.c.h; path = SKMicrophoneConfiguration.h; sourceTree = "<group>"; };
		CF397F881DAE6C9A00A7C36C /* SKMicrophoneConfiguration.m */ = {isa = PBXFileReference; fileEncoding = 4; lastKnownFileType = sourcecode.c.objc; path = SKMicrophoneConfiguration.m; sourceTree = "<group>"; };
		CF397F891DAE6C9A00A7C36C /* SKMicrophoneData.h */ = {isa = PBXFileReference; fileEncoding = 4; lastKnownFileType = sourcecode.c.h; path = SKMicrophoneData.h; sourceTree = "<group>"; };
		CF397F8A1DAE6C9A00A7C36C /* SKMicrophoneData.m */ = {isa = PBXFileReference; fileEncoding = 4; lastKnownFileType = sourcecode.c.objc; path = SKMicrophoneData.m; sourceTree = "<group>"; };
		CF397F8B1DAE6C9A00A7C36C /* SKMotionActivity.h */ = {isa = PBXFileReference; fileEncoding = 4; lastKnownFileType = sourcecode.c.h; path = SKMotionActivity.h; sourceTree = "<group>"; };
		CF397F8C1DAE6C9A00A7C36C /* SKMotionActivity.m */ = {isa = PBXFileReference; fileEncoding = 4; lastKnownFileType = sourcecode.c.objc; path = SKMotionActivity.m; sourceTree = "<group>"; };
		CF397F8D1DAE6C9A00A7C36C /* SKMotionActivityConfiguration.h */ = {isa = PBXFileReference; fileEncoding = 4; lastKnownFileType = sourcecode.c.h; path = SKMotionActivityConfiguration.h; sourceTree = "<group>"; };
		CF397F8E1DAE6C9A00A7C36C /* SKMotionActivityConfiguration.m */ = {isa = PBXFileReference; fileEncoding = 4; lastKnownFileType = sourcecode.c.objc; path = SKMotionActivityConfiguration.m; sourceTree = "<group>"; };
		CF397F8F1DAE6C9A00A7C36C /* SKMotionActivityData.h */ = {isa = PBXFileReference; fileEncoding = 4; lastKnownFileType = sourcecode.c.h; path = SKMotionActivityData.h; sourceTree = "<group>"; };
		CF397F901DAE6C9A00A7C36C /* SKMotionActivityData.m */ = {isa = PBXFileReference; fileEncoding = 4; lastKnownFileType = sourcecode.c.objc; path = SKMotionActivityData.m; sourceTree = "<group>"; };
		CF397F911DAE6C9A00A7C36C /* SKMotionManager.h */ = {isa = PBXFileReference; fileEncoding = 4; lastKnownFileType = sourcecode.c.h; path = SKMotionManager.h; sourceTree = "<group>"; };
		CF397F921DAE6C9A00A7C36C /* SKMotionManager.m */ = {isa = PBXFileReference; fileEncoding = 4; lastKnownFileType = sourcecode.c.objc; path = SKMotionManager.m; sourceTree = "<group>"; };
		CF397F931DAE6C9A00A7C36C /* SKPedometer.h */ = {isa = PBXFileReference; fileEncoding = 4; lastKnownFileType = sourcecode.c.h; path = SKPedometer.h; sourceTree = "<group>"; };
		CF397F941DAE6C9A00A7C36C /* SKPedometer.m */ = {isa = PBXFileReference; fileEncoding = 4; lastKnownFileType = sourcecode.c.objc; path = SKPedometer.m; sourceTree = "<group>"; };
		CF397F951DAE6C9A00A7C36C /* SKPedometerConfiguration.h */ = {isa = PBXFileReference; fileEncoding = 4; lastKnownFileType = sourcecode.c.h; path = SKPedometerConfiguration.h; sourceTree = "<group>"; };
		CF397F961DAE6C9A00A7C36C /* SKPedometerConfiguration.m */ = {isa = PBXFileReference; fileEncoding = 4; lastKnownFileType = sourcecode.c.objc; path = SKPedometerConfiguration.m; sourceTree = "<group>"; };
		CF397F971DAE6C9A00A7C36C /* SKPedometerData.h */ = {isa = PBXFileReference; fileEncoding = 4; lastKnownFileType = sourcecode.c.h; path = SKPedometerData.h; sourceTree = "<group>"; };
		CF397F981DAE6C9A00A7C36C /* SKPedometerData.m */ = {isa = PBXFileReference; fileEncoding = 4; lastKnownFileType = sourcecode.c.objc; path = SKPedometerData.m; sourceTree = "<group>"; };
		CF397F991DAE6C9A00A7C36C /* SKProximityData.h */ = {isa = PBXFileReference; fileEncoding = 4; lastKnownFileType = sourcecode.c.h; path = SKProximityData.h; sourceTree = "<group>"; };
		CF397F9A1DAE6C9A00A7C36C /* SKProximityData.m */ = {isa = PBXFileReference; fileEncoding = 4; lastKnownFileType = sourcecode.c.objc; path = SKProximityData.m; sourceTree = "<group>"; };
		CF397F9B1DAE6C9A00A7C36C /* SKSampleRateConfiguration.h */ = {isa = PBXFileReference; fileEncoding = 4; lastKnownFileType = sourcecode.c.h; path = SKSampleRateConfiguration.h; sourceTree = "<group>"; };
		CF397F9C1DAE6C9A00A7C36C /* SKSampleRateConfiguration.m */ = {isa = PBXFileReference; fileEncoding = 4; lastKnownFileType = sourcecode.c.objc; path = SKSampleRateConfiguration.m; sourceTree = "<group>"; };
		CF397FA31DAE6C9A00A7C36C /* SKSensorData.h */ = {isa = PBXFileReference; fileEncoding = 4; lastKnownFileType = sourcecode.c.h; path = SKSensorData.h; sourceTree = "<group>"; };
		CF397FA41DAE6C9A00A7C36C /* SKSensorData.m */ = {isa = PBXFileReference; fileEncoding = 4; lastKnownFileType = sourcecode.c.objc; path = SKSensorData.m; sourceTree = "<group>"; };
		CF397FA51DAE6C9A00A7C36C /* SKSensorDataHandler.h */ = {isa = PBXFileReference; fileEncoding = 4; lastKnownFileType = sourcecode.c.h; path = SKSensorDataHandler.h; sourceTree = "<group>"; };
		CF397FA61DAE6C9A00A7C36C /* SKSensorManager.h */ = {isa = PBXFileReference; fileEncoding = 4; lastKnownFileType = sourcecode.c.h; path = SKSensorManager.h; sourceTree = "<group>"; };
		CF397FA71DAE6C9A00A7C36C /* SKSensorManager.m */ = {isa = PBXFileReference; fileEncoding = 4; lastKnownFileType = sourcecode.c.objc; path = SKSensorManager.m; sourceTree = "<group>"; };
		CF397FA81DAE6C9A00A7C36C /* SKSensorTimestamp.h */ = {isa = PBXFileReference; fileEncoding = 4; lastKnownFileType = sourcecode.c.h; path = SKSensorTimestamp.h; sourceTree = "<group>"; };
		CF397FA91DAE6C9A00A7C36C /* SKSensorTimestamp.m */ = {isa = PBXFileReference; fileEncoding = 4; lastKnownFileType = sourcecode.c.objc; path = SKSensorTimestamp.m; sourceTree = "<group>"; };
		CF397FAA1DAE6C9A00A7C36C /* SKSensorType.h */ = {isa = PBXFileReference; fileEncoding = 4; lastKnownFileType = sourcecode.c.h; path = SKSensorType.h; sourceTree = "<group>"; };
		CF3980151DAE6E6800A7C36C /* AUTHORS */ = {isa = PBXFileReference; fileEncoding = 4; lastKnownFileType = text; path = AUTHORS; sourceTree = "<group>"; };
		CF3980161DAE6E6800A7C36C /* CONTRIBUTORS */ = {isa = PBXFileReference; fileEncoding = 4; lastKnownFileType = text; path = CONTRIBUTORS; sourceTree = "<group>"; };
		CF3980171DAE6E6800A7C36C /* ESSBeaconScanner.h */ = {isa = PBXFileReference; fileEncoding = 4; lastKnownFileType = sourcecode.c.h; path = ESSBeaconScanner.h; sourceTree = "<group>"; };
		CF3980181DAE6E6800A7C36C /* ESSBeaconScanner.m */ = {isa = PBXFileReference; fileEncoding = 4; lastKnownFileType = sourcecode.c.objc; path = ESSBeaconScanner.m; sourceTree = "<group>"; };
		CF3980191DAE6E6800A7C36C /* ESSEddystone.h */ = {isa = PBXFileReference; fileEncoding = 4; lastKnownFileType = sourcecode.c.h; path = ESSEddystone.h; sourceTree = "<group>"; };
		CF39801A1DAE6E6800A7C36C /* ESSEddystone.m */ = {isa = PBXFileReference; fileEncoding = 4; lastKnownFileType = sourcecode.c.objc; path = ESSEddystone.m; sourceTree = "<group>"; };
		CF39801B1DAE6E6800A7C36C /* ESSTimer.h */ = {isa = PBXFileReference; fileEncoding = 4; lastKnownFileType = sourcecode.c.h; path = ESSTimer.h; sourceTree = "<group>"; };
		CF39801C1DAE6E6800A7C36C /* ESSTimer.m */ = {isa = PBXFileReference; fileEncoding = 4; lastKnownFileType = sourcecode.c.objc; path = ESSTimer.m; sourceTree = "<group>"; };
		CF39801D1DAE6E6800A7C36C /* LICENSE */ = {isa = PBXFileReference; fileEncoding = 4; lastKnownFileType = text; path = LICENSE; sourceTree = "<group>"; };
/* End PBXFileReference section */

/* Begin PBXFrameworksBuildPhase section */
		CF397F1C1DA9609C00A7C36C /* Frameworks */ = {
			isa = PBXFrameworksBuildPhase;
			buildActionMask = 2147483647;
			files = (
			);
			runOnlyForDeploymentPostprocessing = 0;
		};
		CF397F261DA9609C00A7C36C /* Frameworks */ = {
			isa = PBXFrameworksBuildPhase;
			buildActionMask = 2147483647;
			files = (
				CF397F2A1DA9609C00A7C36C /* SensingKit.framework in Frameworks */,
			);
			runOnlyForDeploymentPostprocessing = 0;
		};
/* End PBXFrameworksBuildPhase section */

/* Begin PBXGroup section */
		CF397F161DA9609C00A7C36C = {
			isa = PBXGroup;
			children = (
				CF3980141DAE6E6800A7C36C /* ESSEddystone */,
				CF397F441DAE6C5800A7C36C /* Supporting Files */,
				CF397F221DA9609C00A7C36C /* SensingKit */,
				CF397F2D1DA9609C00A7C36C /* SensingKitTests */,
				CF397F211DA9609C00A7C36C /* Products */,
			);
			sourceTree = "<group>";
		};
		CF397F211DA9609C00A7C36C /* Products */ = {
			isa = PBXGroup;
			children = (
				CF397F201DA9609C00A7C36C /* SensingKit.framework */,
				CF397F291DA9609C00A7C36C /* SensingKitTests.xctest */,
			);
			name = Products;
			sourceTree = "<group>";
		};
		CF397F221DA9609C00A7C36C /* SensingKit */ = {
			isa = PBXGroup;
			children = (
				CF3980271DAE737C00A7C36C /* Sensors */,
				CF3980281DAE73BB00A7C36C /* SensorData */,
				CF3980291DAE73EA00A7C36C /* SensorConfiguration */,
				CF39802A1DAE746D00A7C36C /* Categories */,
				CF397F6C1DAE6C9A00A7C36C /* SKErrors.h */,
				CF397FAA1DAE6C9A00A7C36C /* SKSensorType.h */,
				CF397FA51DAE6C9A00A7C36C /* SKSensorDataHandler.h */,
				CF397F481DAE6C9A00A7C36C /* SensingKitLib.h */,
				CF397F491DAE6C9A00A7C36C /* SensingKitLib.m */,
				CF397FA61DAE6C9A00A7C36C /* SKSensorManager.h */,
				CF397FA71DAE6C9A00A7C36C /* SKSensorManager.m */,
			);
			path = SensingKit;
			sourceTree = "<group>";
		};
		CF397F2D1DA9609C00A7C36C /* SensingKitTests */ = {
			isa = PBXGroup;
			children = (
				CF397F2E1DA9609C00A7C36C /* SensingKitTests.m */,
				CF397F301DA9609C00A7C36C /* Info.plist */,
			);
			path = SensingKitTests;
			sourceTree = "<group>";
		};
		CF397F441DAE6C5800A7C36C /* Supporting Files */ = {
			isa = PBXGroup;
			children = (
				CF397F231DA9609C00A7C36C /* SensingKit.h */,
				CF397F241DA9609C00A7C36C /* Info.plist */,
			);
			name = "Supporting Files";
			sourceTree = "<group>";
		};
		CF3980141DAE6E6800A7C36C /* ESSEddystone */ = {
			isa = PBXGroup;
			children = (
				CF3980151DAE6E6800A7C36C /* AUTHORS */,
				CF3980161DAE6E6800A7C36C /* CONTRIBUTORS */,
				CF3980171DAE6E6800A7C36C /* ESSBeaconScanner.h */,
				CF3980181DAE6E6800A7C36C /* ESSBeaconScanner.m */,
				CF3980191DAE6E6800A7C36C /* ESSEddystone.h */,
				CF39801A1DAE6E6800A7C36C /* ESSEddystone.m */,
				CF39801B1DAE6E6800A7C36C /* ESSTimer.h */,
				CF39801C1DAE6E6800A7C36C /* ESSTimer.m */,
				CF39801D1DAE6E6800A7C36C /* LICENSE */,
			);
			path = ESSEddystone;
			sourceTree = "<group>";
		};
		CF3980271DAE737C00A7C36C /* Sensors */ = {
			isa = PBXGroup;
			children = (
				CF397F911DAE6C9A00A7C36C /* SKMotionManager.h */,
				CF397F921DAE6C9A00A7C36C /* SKMotionManager.m */,
				CF397F4A1DAE6C9A00A7C36C /* SKAbstractSensor.h */,
				CF397F4B1DAE6C9A00A7C36C /* SKAbstractSensor.m */,
				CF397F4C1DAE6C9A00A7C36C /* SKAccelerometer.h */,
				CF397F4D1DAE6C9A00A7C36C /* SKAccelerometer.m */,
				CF397F521DAE6C9A00A7C36C /* SKAltimeter.h */,
				CF397F531DAE6C9A00A7C36C /* SKAltimeter.m */,
				CF397F581DAE6C9A00A7C36C /* SKBattery.h */,
				CF397F591DAE6C9A00A7C36C /* SKBattery.m */,
				CF397F601DAE6C9A00A7C36C /* SKDeviceMotion.h */,
				CF397F611DAE6C9A00A7C36C /* SKDeviceMotion.m */,
				CF397F661DAE6C9A00A7C36C /* SKEddystoneProximity.h */,
				CF397F671DAE6C9A00A7C36C /* SKEddystoneProximity.m */,
				CF397F6D1DAE6C9A00A7C36C /* SKGyroscope.h */,
				CF397F6E1DAE6C9A00A7C36C /* SKGyroscope.m */,
				CF397F751DAE6C9A00A7C36C /* SKiBeaconProximity.h */,
				CF397F761DAE6C9A00A7C36C /* SKiBeaconProximity.m */,
				CF397F791DAE6C9A00A7C36C /* SKLocation.h */,
				CF397F7A1DAE6C9A00A7C36C /* SKLocation.m */,
				CF397F7F1DAE6C9A00A7C36C /* SKMagnetometer.h */,
				CF397F801DAE6C9A00A7C36C /* SKMagnetometer.m */,
				CF397F851DAE6C9A00A7C36C /* SKMicrophone.h */,
				CF397F861DAE6C9A00A7C36C /* SKMicrophone.m */,
				CF397F8B1DAE6C9A00A7C36C /* SKMotionActivity.h */,
				CF397F8C1DAE6C9A00A7C36C /* SKMotionActivity.m */,
				CF397F931DAE6C9A00A7C36C /* SKPedometer.h */,
				CF397F941DAE6C9A00A7C36C /* SKPedometer.m */,
			);
			name = Sensors;
			sourceTree = "<group>";
		};
		CF3980281DAE73BB00A7C36C /* SensorData */ = {
			isa = PBXGroup;
			children = (
				CF397FA81DAE6C9A00A7C36C /* SKSensorTimestamp.h */,
				CF397FA91DAE6C9A00A7C36C /* SKSensorTimestamp.m */,
				CF397FA31DAE6C9A00A7C36C /* SKSensorData.h */,
				CF397FA41DAE6C9A00A7C36C /* SKSensorData.m */,
				CF397F501DAE6C9A00A7C36C /* SKAccelerometerData.h */,
				CF397F511DAE6C9A00A7C36C /* SKAccelerometerData.m */,
				CF397F561DAE6C9A00A7C36C /* SKAltimeterData.h */,
				CF397F571DAE6C9A00A7C36C /* SKAltimeterData.m */,
				CF397F5C1DAE6C9A00A7C36C /* SKBatteryData.h */,
				CF397F5D1DAE6C9A00A7C36C /* SKBatteryData.m */,
				CF397F641DAE6C9A00A7C36C /* SKDeviceMotionData.h */,
				CF397F651DAE6C9A00A7C36C /* SKDeviceMotionData.m */,
				CF397F6A1DAE6C9A00A7C36C /* SKEddystoneProximityData.h */,
				CF397F6B1DAE6C9A00A7C36C /* SKEddystoneProximityData.m */,
				CF397F711DAE6C9A00A7C36C /* SKGyroscopeData.h */,
				CF397F721DAE6C9A00A7C36C /* SKGyroscopeData.m */,
				CF397F731DAE6C9A00A7C36C /* SKiBeaconDeviceData.h */,
				CF397F741DAE6C9A00A7C36C /* SKiBeaconDeviceData.m */,
				CF397F7D1DAE6C9A00A7C36C /* SKLocationData.h */,
				CF397F7E1DAE6C9A00A7C36C /* SKLocationData.m */,
				CF397F831DAE6C9A00A7C36C /* SKMagnetometerData.h */,
				CF397F841DAE6C9A00A7C36C /* SKMagnetometerData.m */,
				CF397F891DAE6C9A00A7C36C /* SKMicrophoneData.h */,
				CF397F8A1DAE6C9A00A7C36C /* SKMicrophoneData.m */,
				CF397F8F1DAE6C9A00A7C36C /* SKMotionActivityData.h */,
				CF397F901DAE6C9A00A7C36C /* SKMotionActivityData.m */,
				CF397F971DAE6C9A00A7C36C /* SKPedometerData.h */,
				CF397F981DAE6C9A00A7C36C /* SKPedometerData.m */,
				CF397F991DAE6C9A00A7C36C /* SKProximityData.h */,
				CF397F9A1DAE6C9A00A7C36C /* SKProximityData.m */,
			);
			name = SensorData;
			sourceTree = "<group>";
		};
		CF3980291DAE73EA00A7C36C /* SensorConfiguration */ = {
			isa = PBXGroup;
			children = (
				CF397F5E1DAE6C9A00A7C36C /* SKConfiguration.h */,
				CF397F5F1DAE6C9A00A7C36C /* SKConfiguration.m */,
				CF397F9B1DAE6C9A00A7C36C /* SKSampleRateConfiguration.h */,
				CF397F9C1DAE6C9A00A7C36C /* SKSampleRateConfiguration.m */,
				CF397F4E1DAE6C9A00A7C36C /* SKAccelerometerConfiguration.h */,
				CF397F4F1DAE6C9A00A7C36C /* SKAccelerometerConfiguration.m */,
				CF397F541DAE6C9A00A7C36C /* SKAltimeterConfiguration.h */,
				CF397F551DAE6C9A00A7C36C /* SKAltimeterConfiguration.m */,
				CF397F5A1DAE6C9A00A7C36C /* SKBatteryConfiguration.h */,
				CF397F5B1DAE6C9A00A7C36C /* SKBatteryConfiguration.m */,
				CF397F621DAE6C9A00A7C36C /* SKDeviceMotionConfiguration.h */,
				CF397F631DAE6C9A00A7C36C /* SKDeviceMotionConfiguration.m */,
				CF397F681DAE6C9A00A7C36C /* SKEddystoneProximityConfiguration.h */,
				CF397F691DAE6C9A00A7C36C /* SKEddystoneProximityConfiguration.m */,
				CF397F6F1DAE6C9A00A7C36C /* SKGyroscopeConfiguration.h */,
				CF397F701DAE6C9A00A7C36C /* SKGyroscopeConfiguration.m */,
				CF397F771DAE6C9A00A7C36C /* SKiBeaconProximityConfiguration.h */,
				CF397F781DAE6C9A00A7C36C /* SKiBeaconProximityConfiguration.m */,
				CF397F7B1DAE6C9A00A7C36C /* SKLocationConfiguration.h */,
				CF397F7C1DAE6C9A00A7C36C /* SKLocationConfiguration.m */,
				CF397F811DAE6C9A00A7C36C /* SKMagnetometerConfiguration.h */,
				CF397F821DAE6C9A00A7C36C /* SKMagnetometerConfiguration.m */,
				CF397F871DAE6C9A00A7C36C /* SKMicrophoneConfiguration.h */,
				CF397F881DAE6C9A00A7C36C /* SKMicrophoneConfiguration.m */,
				CF397F8D1DAE6C9A00A7C36C /* SKMotionActivityConfiguration.h */,
				CF397F8E1DAE6C9A00A7C36C /* SKMotionActivityConfiguration.m */,
				CF397F951DAE6C9A00A7C36C /* SKPedometerConfiguration.h */,
				CF397F961DAE6C9A00A7C36C /* SKPedometerConfiguration.m */,
			);
			name = SensorConfiguration;
			sourceTree = "<group>";
		};
		CF39802A1DAE746D00A7C36C /* Categories */ = {
			isa = PBXGroup;
			children = (
				CF397F461DAE6C9A00A7C36C /* NSString+SensorType.h */,
				CF397F471DAE6C9A00A7C36C /* NSString+SensorType.m */,
			);
			name = Categories;
			sourceTree = "<group>";
		};
/* End PBXGroup section */

/* Begin PBXHeadersBuildPhase section */
		CF397F1D1DA9609C00A7C36C /* Headers */ = {
			isa = PBXHeadersBuildPhase;
			buildActionMask = 2147483647;
			files = (
				CF397FEC1DAE6C9A00A7C36C /* SKMicrophoneConfiguration.h in Headers */,
				CF397FB71DAE6C9A00A7C36C /* SKAltimeter.h in Headers */,
				CF397FC31DAE6C9A00A7C36C /* SKConfiguration.h in Headers */,
				CF3980201DAE6E6800A7C36C /* ESSBeaconScanner.h in Headers */,
				CF397FAF1DAE6C9A00A7C36C /* SKAbstractSensor.h in Headers */,
				CF397FEE1DAE6C9A00A7C36C /* SKMicrophoneData.h in Headers */,
				CF397FAB1DAE6C9A00A7C36C /* NSString+SensorType.h in Headers */,
				CF397F311DA9609C00A7C36C /* SensingKit.h in Headers */,
				CF397FCD1DAE6C9A00A7C36C /* SKEddystoneProximityConfiguration.h in Headers */,
				CF397FDC1DAE6C9A00A7C36C /* SKiBeaconProximityConfiguration.h in Headers */,
				CF397FC11DAE6C9A00A7C36C /* SKBatteryData.h in Headers */,
				CF397FBB1DAE6C9A00A7C36C /* SKAltimeterData.h in Headers */,
				CF39800A1DAE6C9A00A7C36C /* SKSensorDataHandler.h in Headers */,
				CF39800F1DAE6C9A00A7C36C /* SKSensorType.h in Headers */,
				CF397FBD1DAE6C9A00A7C36C /* SKBattery.h in Headers */,
				CF397FF81DAE6C9A00A7C36C /* SKPedometer.h in Headers */,
				CF397FC51DAE6C9A00A7C36C /* SKDeviceMotion.h in Headers */,
				CF397FB91DAE6C9A00A7C36C /* SKAltimeterConfiguration.h in Headers */,
				CF397FF61DAE6C9A00A7C36C /* SKMotionManager.h in Headers */,
				CF397FAD1DAE6C9A00A7C36C /* SensingKitLib.h in Headers */,
				CF397FDE1DAE6C9A00A7C36C /* SKLocation.h in Headers */,
				CF397FF41DAE6C9A00A7C36C /* SKMotionActivityData.h in Headers */,
				CF397FD21DAE6C9A00A7C36C /* SKGyroscope.h in Headers */,
				CF397FCF1DAE6C9A00A7C36C /* SKEddystoneProximityData.h in Headers */,
				CF397FD11DAE6C9A00A7C36C /* SKErrors.h in Headers */,
				CF397FFC1DAE6C9A00A7C36C /* SKPedometerData.h in Headers */,
				CF3980221DAE6E6800A7C36C /* ESSEddystone.h in Headers */,
				CF3980081DAE6C9A00A7C36C /* SKSensorData.h in Headers */,
				CF3980241DAE6E6800A7C36C /* ESSTimer.h in Headers */,
				CF397FE61DAE6C9A00A7C36C /* SKMagnetometerConfiguration.h in Headers */,
				CF397FB51DAE6C9A00A7C36C /* SKAccelerometerData.h in Headers */,
				CF397FF01DAE6C9A00A7C36C /* SKMotionActivity.h in Headers */,
				CF397FCB1DAE6C9A00A7C36C /* SKEddystoneProximity.h in Headers */,
				CF397FB11DAE6C9A00A7C36C /* SKAccelerometer.h in Headers */,
				CF397FD61DAE6C9A00A7C36C /* SKGyroscopeData.h in Headers */,
				CF397FE01DAE6C9A00A7C36C /* SKLocationConfiguration.h in Headers */,
				CF3980001DAE6C9A00A7C36C /* SKSampleRateConfiguration.h in Headers */,
				CF397FB31DAE6C9A00A7C36C /* SKAccelerometerConfiguration.h in Headers */,
				CF397FEA1DAE6C9A00A7C36C /* SKMicrophone.h in Headers */,
				CF397FE81DAE6C9A00A7C36C /* SKMagnetometerData.h in Headers */,
				CF397FE21DAE6C9A00A7C36C /* SKLocationData.h in Headers */,
				CF397FDA1DAE6C9A00A7C36C /* SKiBeaconProximity.h in Headers */,
				CF39800D1DAE6C9A00A7C36C /* SKSensorTimestamp.h in Headers */,
				CF397FE41DAE6C9A00A7C36C /* SKMagnetometer.h in Headers */,
				CF397FFE1DAE6C9A00A7C36C /* SKProximityData.h in Headers */,
				CF39800B1DAE6C9A00A7C36C /* SKSensorManager.h in Headers */,
				CF397FFA1DAE6C9A00A7C36C /* SKPedometerConfiguration.h in Headers */,
				CF397FD41DAE6C9A00A7C36C /* SKGyroscopeConfiguration.h in Headers */,
				CF397FBF1DAE6C9A00A7C36C /* SKBatteryConfiguration.h in Headers */,
				CF397FF21DAE6C9A00A7C36C /* SKMotionActivityConfiguration.h in Headers */,
				CF397FC71DAE6C9A00A7C36C /* SKDeviceMotionConfiguration.h in Headers */,
				CF397FC91DAE6C9A00A7C36C /* SKDeviceMotionData.h in Headers */,
				CF397FD81DAE6C9A00A7C36C /* SKiBeaconDeviceData.h in Headers */,
			);
			runOnlyForDeploymentPostprocessing = 0;
		};
/* End PBXHeadersBuildPhase section */

/* Begin PBXNativeTarget section */
		CF397F1F1DA9609C00A7C36C /* SensingKit */ = {
			isa = PBXNativeTarget;
			buildConfigurationList = CF397F341DA9609C00A7C36C /* Build configuration list for PBXNativeTarget "SensingKit" */;
			buildPhases = (
				CF397F1B1DA9609C00A7C36C /* Sources */,
				CF397F1C1DA9609C00A7C36C /* Frameworks */,
				CF397F1D1DA9609C00A7C36C /* Headers */,
				CF397F1E1DA9609C00A7C36C /* Resources */,
			);
			buildRules = (
			);
			dependencies = (
			);
			name = SensingKit;
			productName = SensingKit;
			productReference = CF397F201DA9609C00A7C36C /* SensingKit.framework */;
			productType = "com.apple.product-type.framework";
		};
		CF397F281DA9609C00A7C36C /* SensingKitTests */ = {
			isa = PBXNativeTarget;
			buildConfigurationList = CF397F371DA9609C00A7C36C /* Build configuration list for PBXNativeTarget "SensingKitTests" */;
			buildPhases = (
				CF397F251DA9609C00A7C36C /* Sources */,
				CF397F261DA9609C00A7C36C /* Frameworks */,
				CF397F271DA9609C00A7C36C /* Resources */,
			);
			buildRules = (
			);
			dependencies = (
				CF397F2C1DA9609C00A7C36C /* PBXTargetDependency */,
			);
			name = SensingKitTests;
			productName = SensingKitTests;
			productReference = CF397F291DA9609C00A7C36C /* SensingKitTests.xctest */;
			productType = "com.apple.product-type.bundle.unit-test";
		};
/* End PBXNativeTarget section */

/* Begin PBXProject section */
		CF397F171DA9609C00A7C36C /* Project object */ = {
			isa = PBXProject;
			attributes = {
				CLASSPREFIX = SK;
				LastUpgradeCheck = 0810;
				ORGANIZATIONNAME = "Queen Mary University of London";
				TargetAttributes = {
					CF397F1F1DA9609C00A7C36C = {
						CreatedOnToolsVersion = 8.0;
						ProvisioningStyle = Automatic;
					};
					CF397F281DA9609C00A7C36C = {
						CreatedOnToolsVersion = 8.0;
						ProvisioningStyle = Automatic;
					};
					CF39802B1DAE7AC500A7C36C = {
						CreatedOnToolsVersion = 8.0;
						ProvisioningStyle = Automatic;
					};
				};
			};
			buildConfigurationList = CF397F1A1DA9609C00A7C36C /* Build configuration list for PBXProject "SensingKit" */;
			compatibilityVersion = "Xcode 8.0";
			developmentRegion = English;
			hasScannedForEncodings = 0;
			knownRegions = (
				en,
			);
			mainGroup = CF397F161DA9609C00A7C36C;
			productRefGroup = CF397F211DA9609C00A7C36C /* Products */;
			projectDirPath = "";
			projectRoot = "";
			targets = (
				CF397F1F1DA9609C00A7C36C /* SensingKit */,
				CF397F281DA9609C00A7C36C /* SensingKitTests */,
				CF39802B1DAE7AC500A7C36C /* Documentation */,
			);
		};
/* End PBXProject section */

/* Begin PBXResourcesBuildPhase section */
		CF397F1E1DA9609C00A7C36C /* Resources */ = {
			isa = PBXResourcesBuildPhase;
			buildActionMask = 2147483647;
			files = (
				CF3980261DAE6E6800A7C36C /* LICENSE in Resources */,
				CF39801F1DAE6E6800A7C36C /* CONTRIBUTORS in Resources */,
				CF39801E1DAE6E6800A7C36C /* AUTHORS in Resources */,
			);
			runOnlyForDeploymentPostprocessing = 0;
		};
		CF397F271DA9609C00A7C36C /* Resources */ = {
			isa = PBXResourcesBuildPhase;
			buildActionMask = 2147483647;
			files = (
			);
			runOnlyForDeploymentPostprocessing = 0;
		};
/* End PBXResourcesBuildPhase section */

/* Begin PBXShellScriptBuildPhase section */
		CF39802F1DAE7AE100A7C36C /* Build Documentation */ = {
			isa = PBXShellScriptBuildPhase;
			buildActionMask = 2147483647;
			files = (
			);
			inputPaths = (
			);
			name = "Build Documentation";
			outputPaths = (
			);
			runOnlyForDeploymentPostprocessing = 0;
			shellPath = /bin/sh;
			shellScript = "#appledoc Xcode script\n# Start constants\ncompany=\"Queen Mary University of London\";\ncompanyID=\"org.sensingkit\";\ncompanyURL=\"https://www.sensingkit.com\";\ntarget=\"iphoneos\";\noutputPath=\"${PROJECT_DIR}/Documentation\";\n# End constants\n\n/usr/local/bin/appledoc \\\n--project-name \"SensingKit-iOS\" \\\n--project-company \"${company}\" \\\n--company-id \"${companyID}\" \\\n--output \"${outputPath}\" \\\n--ignore .m \\\n--ignore ESSEddystone \\\n--ignore SKAbstractSensor.h \\\n--ignore SKMotionManager.h \\\n--ignore SKAccelerometer.h \\\n--ignore SKGyroscope.h \\\n--ignore SKMagnetometer.h \\\n--ignore SKDeviceMotion.h \\\n--ignore SKMotionActivity.h \\\n--ignore SKPedometer.h \\\n--ignore SKAltimeter.h \\\n--ignore SKBattery.h \\\n--ignore SKLocation.h \\\n--ignore SKiBeaconProximity.h \\\n--ignore SKEddystoneProximity.h \\\n--ignore SKMicrophone.h \\\n--docset-platform-family \"${target}\" \\\n--logformat xcode \\\n--keep-intermediate-files \\\n--no-repeat-first-par \\\n--no-warn-invalid-crossref \\\n--exit-threshold 2 \\\n\"${PROJECT_DIR}\"";
		};
/* End PBXShellScriptBuildPhase section */

/* Begin PBXSourcesBuildPhase section */
		CF397F1B1DA9609C00A7C36C /* Sources */ = {
			isa = PBXSourcesBuildPhase;
			buildActionMask = 2147483647;
			files = (
				CF397FAE1DAE6C9A00A7C36C /* SensingKitLib.m in Sources */,
				CF397FBE1DAE6C9A00A7C36C /* SKBattery.m in Sources */,
				CF3980231DAE6E6800A7C36C /* ESSEddystone.m in Sources */,
				CF397FCE1DAE6C9A00A7C36C /* SKEddystoneProximityConfiguration.m in Sources */,
				CF397FB81DAE6C9A00A7C36C /* SKAltimeter.m in Sources */,
				CF3980251DAE6E6800A7C36C /* ESSTimer.m in Sources */,
				CF397FE31DAE6C9A00A7C36C /* SKLocationData.m in Sources */,
				CF397FDF1DAE6C9A00A7C36C /* SKLocation.m in Sources */,
				CF397FC61DAE6C9A00A7C36C /* SKDeviceMotion.m in Sources */,
				CF397FF51DAE6C9A00A7C36C /* SKMotionActivityData.m in Sources */,
				CF397FF91DAE6C9A00A7C36C /* SKPedometer.m in Sources */,
				CF397FEF1DAE6C9A00A7C36C /* SKMicrophoneData.m in Sources */,
				CF397FBA1DAE6C9A00A7C36C /* SKAltimeterConfiguration.m in Sources */,
				CF397FD91DAE6C9A00A7C36C /* SKiBeaconDeviceData.m in Sources */,
				CF397FBC1DAE6C9A00A7C36C /* SKAltimeterData.m in Sources */,
				CF397FC81DAE6C9A00A7C36C /* SKDeviceMotionConfiguration.m in Sources */,
				CF397FE11DAE6C9A00A7C36C /* SKLocationConfiguration.m in Sources */,
				CF3980211DAE6E6800A7C36C /* ESSBeaconScanner.m in Sources */,
				CF397FE51DAE6C9A00A7C36C /* SKMagnetometer.m in Sources */,
				CF397FC21DAE6C9A00A7C36C /* SKBatteryData.m in Sources */,
				CF397FF31DAE6C9A00A7C36C /* SKMotionActivityConfiguration.m in Sources */,
				CF397FD71DAE6C9A00A7C36C /* SKGyroscopeData.m in Sources */,
				CF39800E1DAE6C9A00A7C36C /* SKSensorTimestamp.m in Sources */,
				CF397FD51DAE6C9A00A7C36C /* SKGyroscopeConfiguration.m in Sources */,
				CF397FFD1DAE6C9A00A7C36C /* SKPedometerData.m in Sources */,
				CF397FB61DAE6C9A00A7C36C /* SKAccelerometerData.m in Sources */,
				CF397FED1DAE6C9A00A7C36C /* SKMicrophoneConfiguration.m in Sources */,
				CF397FB21DAE6C9A00A7C36C /* SKAccelerometer.m in Sources */,
				CF3980091DAE6C9A00A7C36C /* SKSensorData.m in Sources */,
				CF397FE91DAE6C9A00A7C36C /* SKMagnetometerData.m in Sources */,
				CF397FFB1DAE6C9A00A7C36C /* SKPedometerConfiguration.m in Sources */,
				CF397FB01DAE6C9A00A7C36C /* SKAbstractSensor.m in Sources */,
				CF397FFF1DAE6C9A00A7C36C /* SKProximityData.m in Sources */,
				CF39800C1DAE6C9A00A7C36C /* SKSensorManager.m in Sources */,
				CF397FDD1DAE6C9A00A7C36C /* SKiBeaconProximityConfiguration.m in Sources */,
				CF397FAC1DAE6C9A00A7C36C /* NSString+SensorType.m in Sources */,
				CF397FCC1DAE6C9A00A7C36C /* SKEddystoneProximity.m in Sources */,
				CF397FE71DAE6C9A00A7C36C /* SKMagnetometerConfiguration.m in Sources */,
				CF397FC41DAE6C9A00A7C36C /* SKConfiguration.m in Sources */,
				CF397FCA1DAE6C9A00A7C36C /* SKDeviceMotionData.m in Sources */,
				CF397FDB1DAE6C9A00A7C36C /* SKiBeaconProximity.m in Sources */,
				CF397FEB1DAE6C9A00A7C36C /* SKMicrophone.m in Sources */,
				CF3980011DAE6C9A00A7C36C /* SKSampleRateConfiguration.m in Sources */,
				CF397FF11DAE6C9A00A7C36C /* SKMotionActivity.m in Sources */,
				CF397FB41DAE6C9A00A7C36C /* SKAccelerometerConfiguration.m in Sources */,
				CF397FD31DAE6C9A00A7C36C /* SKGyroscope.m in Sources */,
				CF397FF71DAE6C9A00A7C36C /* SKMotionManager.m in Sources */,
				CF397FC01DAE6C9A00A7C36C /* SKBatteryConfiguration.m in Sources */,
				CF397FD01DAE6C9A00A7C36C /* SKEddystoneProximityData.m in Sources */,
			);
			runOnlyForDeploymentPostprocessing = 0;
		};
		CF397F251DA9609C00A7C36C /* Sources */ = {
			isa = PBXSourcesBuildPhase;
			buildActionMask = 2147483647;
			files = (
				CF397F2F1DA9609C00A7C36C /* SensingKitTests.m in Sources */,
			);
			runOnlyForDeploymentPostprocessing = 0;
		};
/* End PBXSourcesBuildPhase section */

/* Begin PBXTargetDependency section */
		CF397F2C1DA9609C00A7C36C /* PBXTargetDependency */ = {
			isa = PBXTargetDependency;
			target = CF397F1F1DA9609C00A7C36C /* SensingKit */;
			targetProxy = CF397F2B1DA9609C00A7C36C /* PBXContainerItemProxy */;
		};
/* End PBXTargetDependency section */

/* Begin XCBuildConfiguration section */
		CF397F321DA9609C00A7C36C /* Debug */ = {
			isa = XCBuildConfiguration;
			buildSettings = {
				ALWAYS_SEARCH_USER_PATHS = NO;
				CLANG_ANALYZER_NONNULL = YES;
				CLANG_CXX_LANGUAGE_STANDARD = "gnu++0x";
				CLANG_CXX_LIBRARY = "libc++";
				CLANG_ENABLE_MODULES = YES;
				CLANG_ENABLE_OBJC_ARC = YES;
				CLANG_WARN_BOOL_CONVERSION = YES;
				CLANG_WARN_CONSTANT_CONVERSION = YES;
				CLANG_WARN_DIRECT_OBJC_ISA_USAGE = YES_ERROR;
				CLANG_WARN_DOCUMENTATION_COMMENTS = YES;
				CLANG_WARN_EMPTY_BODY = YES;
				CLANG_WARN_ENUM_CONVERSION = YES;
				CLANG_WARN_INFINITE_RECURSION = YES;
				CLANG_WARN_INT_CONVERSION = YES;
				CLANG_WARN_OBJC_ROOT_CLASS = YES_ERROR;
				CLANG_WARN_SUSPICIOUS_MOVE = YES;
				CLANG_WARN_SUSPICIOUS_MOVES = YES;
				CLANG_WARN_UNREACHABLE_CODE = YES;
				CLANG_WARN__DUPLICATE_METHOD_MATCH = YES;
				"CODE_SIGN_IDENTITY[sdk=iphoneos*]" = "iPhone Developer";
				COPY_PHASE_STRIP = NO;
				CURRENT_PROJECT_VERSION = 1;
				DEBUG_INFORMATION_FORMAT = dwarf;
				ENABLE_STRICT_OBJC_MSGSEND = YES;
				ENABLE_TESTABILITY = YES;
				GCC_C_LANGUAGE_STANDARD = gnu99;
				GCC_DYNAMIC_NO_PIC = NO;
				GCC_NO_COMMON_BLOCKS = YES;
				GCC_OPTIMIZATION_LEVEL = 0;
				GCC_PREPROCESSOR_DEFINITIONS = (
					"DEBUG=1",
					"$(inherited)",
				);
				GCC_WARN_64_TO_32_BIT_CONVERSION = YES;
				GCC_WARN_ABOUT_RETURN_TYPE = YES_ERROR;
				GCC_WARN_UNDECLARED_SELECTOR = YES;
				GCC_WARN_UNINITIALIZED_AUTOS = YES_AGGRESSIVE;
				GCC_WARN_UNUSED_FUNCTION = YES;
				GCC_WARN_UNUSED_VARIABLE = YES;
				IPHONEOS_DEPLOYMENT_TARGET = 8.0;
				MTL_ENABLE_DEBUG_INFO = YES;
				ONLY_ACTIVE_ARCH = YES;
				SDKROOT = iphoneos;
				TARGETED_DEVICE_FAMILY = "1,2";
				VERSIONING_SYSTEM = "apple-generic";
				VERSION_INFO_PREFIX = "";
			};
			name = Debug;
		};
		CF397F331DA9609C00A7C36C /* Release */ = {
			isa = XCBuildConfiguration;
			buildSettings = {
				ALWAYS_SEARCH_USER_PATHS = NO;
				CLANG_ANALYZER_NONNULL = YES;
				CLANG_CXX_LANGUAGE_STANDARD = "gnu++0x";
				CLANG_CXX_LIBRARY = "libc++";
				CLANG_ENABLE_MODULES = YES;
				CLANG_ENABLE_OBJC_ARC = YES;
				CLANG_WARN_BOOL_CONVERSION = YES;
				CLANG_WARN_CONSTANT_CONVERSION = YES;
				CLANG_WARN_DIRECT_OBJC_ISA_USAGE = YES_ERROR;
				CLANG_WARN_DOCUMENTATION_COMMENTS = YES;
				CLANG_WARN_EMPTY_BODY = YES;
				CLANG_WARN_ENUM_CONVERSION = YES;
				CLANG_WARN_INFINITE_RECURSION = YES;
				CLANG_WARN_INT_CONVERSION = YES;
				CLANG_WARN_OBJC_ROOT_CLASS = YES_ERROR;
				CLANG_WARN_SUSPICIOUS_MOVE = YES;
				CLANG_WARN_SUSPICIOUS_MOVES = YES;
				CLANG_WARN_UNREACHABLE_CODE = YES;
				CLANG_WARN__DUPLICATE_METHOD_MATCH = YES;
				"CODE_SIGN_IDENTITY[sdk=iphoneos*]" = "iPhone Developer";
				COPY_PHASE_STRIP = NO;
				CURRENT_PROJECT_VERSION = 1;
				DEBUG_INFORMATION_FORMAT = "dwarf-with-dsym";
				ENABLE_NS_ASSERTIONS = NO;
				ENABLE_STRICT_OBJC_MSGSEND = YES;
				GCC_C_LANGUAGE_STANDARD = gnu99;
				GCC_NO_COMMON_BLOCKS = YES;
				GCC_WARN_64_TO_32_BIT_CONVERSION = YES;
				GCC_WARN_ABOUT_RETURN_TYPE = YES_ERROR;
				GCC_WARN_UNDECLARED_SELECTOR = YES;
				GCC_WARN_UNINITIALIZED_AUTOS = YES_AGGRESSIVE;
				GCC_WARN_UNUSED_FUNCTION = YES;
				GCC_WARN_UNUSED_VARIABLE = YES;
				IPHONEOS_DEPLOYMENT_TARGET = 8.0;
				MTL_ENABLE_DEBUG_INFO = NO;
				SDKROOT = iphoneos;
				TARGETED_DEVICE_FAMILY = "1,2";
				VALIDATE_PRODUCT = YES;
				VERSIONING_SYSTEM = "apple-generic";
				VERSION_INFO_PREFIX = "";
			};
			name = Release;
		};
		CF397F351DA9609C00A7C36C /* Debug */ = {
			isa = XCBuildConfiguration;
			buildSettings = {
				CODE_SIGN_IDENTITY = "";
				DEFINES_MODULE = YES;
				DEVELOPMENT_TEAM = 9T92P8D3FB;
				DYLIB_COMPATIBILITY_VERSION = 1;
				DYLIB_CURRENT_VERSION = 1;
				DYLIB_INSTALL_NAME_BASE = "@rpath";
				INFOPLIST_FILE = SensingKit/Info.plist;
				INSTALL_PATH = "$(LOCAL_LIBRARY_DIR)/Frameworks";
				LD_RUNPATH_SEARCH_PATHS = "$(inherited) @executable_path/Frameworks @loader_path/Frameworks";
				PRODUCT_BUNDLE_IDENTIFIER = org.sensingkit.SensingKit;
				PRODUCT_NAME = "$(TARGET_NAME)";
				SKIP_INSTALL = YES;
			};
			name = Debug;
		};
		CF397F361DA9609C00A7C36C /* Release */ = {
			isa = XCBuildConfiguration;
			buildSettings = {
				CODE_SIGN_IDENTITY = "";
				DEFINES_MODULE = YES;
				DEVELOPMENT_TEAM = 9T92P8D3FB;
				DYLIB_COMPATIBILITY_VERSION = 1;
				DYLIB_CURRENT_VERSION = 1;
				DYLIB_INSTALL_NAME_BASE = "@rpath";
				INFOPLIST_FILE = SensingKit/Info.plist;
				INSTALL_PATH = "$(LOCAL_LIBRARY_DIR)/Frameworks";
				LD_RUNPATH_SEARCH_PATHS = "$(inherited) @executable_path/Frameworks @loader_path/Frameworks";
				PRODUCT_BUNDLE_IDENTIFIER = org.sensingkit.SensingKit;
				PRODUCT_NAME = "$(TARGET_NAME)";
				SKIP_INSTALL = YES;
			};
			name = Release;
		};
		CF397F381DA9609C00A7C36C /* Debug */ = {
			isa = XCBuildConfiguration;
			buildSettings = {
				DEVELOPMENT_TEAM = 9T92P8D3FB;
				INFOPLIST_FILE = SensingKitTests/Info.plist;
				LD_RUNPATH_SEARCH_PATHS = "$(inherited) @executable_path/Frameworks @loader_path/Frameworks";
				PRODUCT_BUNDLE_IDENTIFIER = org.sensingkit.SensingKitTests;
				PRODUCT_NAME = "$(TARGET_NAME)";
			};
			name = Debug;
		};
		CF397F391DA9609C00A7C36C /* Release */ = {
			isa = XCBuildConfiguration;
			buildSettings = {
				DEVELOPMENT_TEAM = 9T92P8D3FB;
				INFOPLIST_FILE = SensingKitTests/Info.plist;
				LD_RUNPATH_SEARCH_PATHS = "$(inherited) @executable_path/Frameworks @loader_path/Frameworks";
				PRODUCT_BUNDLE_IDENTIFIER = org.sensingkit.SensingKitTests;
				PRODUCT_NAME = "$(TARGET_NAME)";
			};
			name = Release;
		};
		CF39802D1DAE7AC600A7C36C /* Debug */ = {
			isa = XCBuildConfiguration;
			buildSettings = {
				DEVELOPMENT_TEAM = 9T92P8D3FB;
				PRODUCT_NAME = "$(TARGET_NAME)";
			};
			name = Debug;
		};
		CF39802E1DAE7AC600A7C36C /* Release */ = {
			isa = XCBuildConfiguration;
			buildSettings = {
				DEVELOPMENT_TEAM = 9T92P8D3FB;
				PRODUCT_NAME = "$(TARGET_NAME)";
			};
			name = Release;
		};
/* End XCBuildConfiguration section */

/* Begin XCConfigurationList section */
		CF397F1A1DA9609C00A7C36C /* Build configuration list for PBXProject "SensingKit" */ = {
			isa = XCConfigurationList;
			buildConfigurations = (
				CF397F321DA9609C00A7C36C /* Debug */,
				CF397F331DA9609C00A7C36C /* Release */,
			);
			defaultConfigurationIsVisible = 0;
			defaultConfigurationName = Release;
		};
		CF397F341DA9609C00A7C36C /* Build configuration list for PBXNativeTarget "SensingKit" */ = {
			isa = XCConfigurationList;
			buildConfigurations = (
				CF397F351DA9609C00A7C36C /* Debug */,
				CF397F361DA9609C00A7C36C /* Release */,
			);
			defaultConfigurationIsVisible = 0;
			defaultConfigurationName = Release;
		};
		CF397F371DA9609C00A7C36C /* Build configuration list for PBXNativeTarget "SensingKitTests" */ = {
			isa = XCConfigurationList;
			buildConfigurations = (
				CF397F381DA9609C00A7C36C /* Debug */,
				CF397F391DA9609C00A7C36C /* Release */,
			);
			defaultConfigurationIsVisible = 0;
			defaultConfigurationName = Release;
		};
		CF39802C1DAE7AC600A7C36C /* Build configuration list for PBXAggregateTarget "Documentation" */ = {
			isa = XCConfigurationList;
			buildConfigurations = (
				CF39802D1DAE7AC600A7C36C /* Debug */,
				CF39802E1DAE7AC600A7C36C /* Release */,
			);
			defaultConfigurationIsVisible = 0;
			defaultConfigurationName = Release;
		};
/* End XCConfigurationList section */
	};
	rootObject = CF397F171DA9609C00A7C36C /* Project object */;
}
