// !$*UTF8*$!
{
	archiveVersion = 1;
	classes = {
	};
	objectVersion = 47;
	objects = {

/* Begin PBXAggregateTarget section */
		CF52989D1A0D6DED002A4D54 /* Framework */ = {
			isa = PBXAggregateTarget;
			buildConfigurationList = CF52989E1A0D6DED002A4D54 /* Build configuration list for PBXAggregateTarget "Framework" */;
			buildPhases = (
				CF5298A31A0D6EC8002A4D54 /* MultiPlatform Build */,
			);
			dependencies = (
				CF5298A21A0D6EB0002A4D54 /* PBXTargetDependency */,
			);
			name = Framework;
			productName = Framework;
		};
		CFBDACD31BB95F46000C87AB /* Documentation */ = {
			isa = PBXAggregateTarget;
			buildConfigurationList = CFBDACD61BB95F46000C87AB /* Build configuration list for PBXAggregateTarget "Documentation" */;
			buildPhases = (
				CFBDACD81BB95F8E000C87AB /* Build Documentation */,
			);
			dependencies = (
			);
			name = Documentation;
			productName = Documentation;
		};
/* End PBXAggregateTarget section */

/* Begin PBXBuildFile section */
		CF11F8821B2C6D7D0094C9DF /* SKSensorManager.m in Sources */ = {isa = PBXBuildFile; fileRef = CF11F8811B2C6D7D0094C9DF /* SKSensorManager.m */; };
		CF11F8851B2C7CFE0094C9DF /* SKAbstractSensor.m in Sources */ = {isa = PBXBuildFile; fileRef = CF11F8841B2C7CFE0094C9DF /* SKAbstractSensor.m */; };
		CF11F8881B2D8D370094C9DF /* SKSensorData.m in Sources */ = {isa = PBXBuildFile; fileRef = CF11F8871B2D8D370094C9DF /* SKSensorData.m */; };
		CF11F8B91B2F4B0E0094C9DF /* SKBatteryData.m in Sources */ = {isa = PBXBuildFile; fileRef = CF11F8B81B2F4B0E0094C9DF /* SKBatteryData.m */; };
		CF11F8BA1B2F52670094C9DF /* SKSensorType.h in CopyFiles */ = {isa = PBXBuildFile; fileRef = CF11F87F1B2C688B0094C9DF /* SKSensorType.h */; };
		CF11F8BB1B2F52700094C9DF /* SKSensorDataHandler.h in CopyFiles */ = {isa = PBXBuildFile; fileRef = CF11F8891B2D909F0094C9DF /* SKSensorDataHandler.h */; };
		CF11F8BC1B2F52A60094C9DF /* SKSensorData.h in CopyFiles */ = {isa = PBXBuildFile; fileRef = CF11F8861B2D8D370094C9DF /* SKSensorData.h */; };
		CF11F8BD1B2F52A60094C9DF /* SKBatteryData.h in CopyFiles */ = {isa = PBXBuildFile; fileRef = CF11F8B71B2F4B0E0094C9DF /* SKBatteryData.h */; };
		CF11F8C01B2F769B0094C9DF /* CoreLocation.framework in Frameworks */ = {isa = PBXBuildFile; fileRef = CF11F8BE1B2F76160094C9DF /* CoreLocation.framework */; settings = {ATTRIBUTES = (Weak, ); }; };
		CF11F8C31B2F77940094C9DF /* SKLocationData.m in Sources */ = {isa = PBXBuildFile; fileRef = CF11F8C21B2F77940094C9DF /* SKLocationData.m */; };
		CF11F8C41B2F77EC0094C9DF /* SKLocationData.h in CopyFiles */ = {isa = PBXBuildFile; fileRef = CF11F8C11B2F77940094C9DF /* SKLocationData.h */; };
		CF1DFA151B8C7F1E00D7B182 /* SKPedometer.m in Sources */ = {isa = PBXBuildFile; fileRef = CF1DFA141B8C7F1E00D7B182 /* SKPedometer.m */; };
		CF1DFA181B8C821000D7B182 /* SKPedometerData.m in Sources */ = {isa = PBXBuildFile; fileRef = CF1DFA171B8C821000D7B182 /* SKPedometerData.m */; };
		CF1DFA191B8C822000D7B182 /* SKPedometer.h in CopyFiles */ = {isa = PBXBuildFile; fileRef = CF1DFA131B8C7F1E00D7B182 /* SKPedometer.h */; };
		CF1DFA1C1B8CBE5500D7B182 /* SKAltimeter.m in Sources */ = {isa = PBXBuildFile; fileRef = CF1DFA1B1B8CBE5500D7B182 /* SKAltimeter.m */; };
		CF1DFA1F1B8CC01900D7B182 /* SKAltimeterData.m in Sources */ = {isa = PBXBuildFile; fileRef = CF1DFA1E1B8CC01900D7B182 /* SKAltimeterData.m */; };
		CF432D0D1BA98ACD00588CC3 /* SKSampleRateConfiguration.m in Sources */ = {isa = PBXBuildFile; fileRef = CF432D0C1BA98ACD00588CC3 /* SKSampleRateConfiguration.m */; settings = {ASSET_TAGS = (); }; };
		CF432D0E1BA98B6C00588CC3 /* SKSampleRateConfiguration.h in CopyFiles */ = {isa = PBXBuildFile; fileRef = CF432D0B1BA98ACD00588CC3 /* SKSampleRateConfiguration.h */; };
		CF5298961A0CFC7A002A4D54 /* UIKit.framework in Frameworks */ = {isa = PBXBuildFile; fileRef = CF5298951A0CFC7A002A4D54 /* UIKit.framework */; };
		CF8E9BD01B3200E7005AC2FC /* SKiBeaconDeviceData.m in Sources */ = {isa = PBXBuildFile; fileRef = CF8E9BCF1B3200E7005AC2FC /* SKiBeaconDeviceData.m */; };
		CF8E9BD11B32E420005AC2FC /* SKiBeaconDeviceData.h in CopyFiles */ = {isa = PBXBuildFile; fileRef = CF8E9BCE1B3200E7005AC2FC /* SKiBeaconDeviceData.h */; };
		CF8E9BD21B32E9D3005AC2FC /* CoreLocation.framework in Frameworks */ = {isa = PBXBuildFile; fileRef = CF11F8BE1B2F76160094C9DF /* CoreLocation.framework */; };
		CF8E9BD41B32EA04005AC2FC /* CoreBluetooth.framework in Frameworks */ = {isa = PBXBuildFile; fileRef = CF8E9BD31B32EA04005AC2FC /* CoreBluetooth.framework */; };
		CF960F1B1B99CC5200F989EA /* SKConfiguration.m in Sources */ = {isa = PBXBuildFile; fileRef = CF960F1A1B99CC5200F989EA /* SKConfiguration.m */; };
		CF960F1D1B99CD9A00F989EA /* SKConfiguration.h in CopyFiles */ = {isa = PBXBuildFile; fileRef = CF960F191B99CC5200F989EA /* SKConfiguration.h */; };
		CF960F201B99D13100F989EA /* SKAccelerometerConfiguration.m in Sources */ = {isa = PBXBuildFile; fileRef = CF960F1F1B99D13100F989EA /* SKAccelerometerConfiguration.m */; };
		CF960F231B9A06A700F989EA /* SKGyroscopeConfiguration.m in Sources */ = {isa = PBXBuildFile; fileRef = CF960F221B9A06A700F989EA /* SKGyroscopeConfiguration.m */; };
		CF960F261B9A06B800F989EA /* SKMagnetometerConfiguration.m in Sources */ = {isa = PBXBuildFile; fileRef = CF960F251B9A06B800F989EA /* SKMagnetometerConfiguration.m */; };
		CF960F291B9A06CA00F989EA /* SKDeviceMotionConfiguration.m in Sources */ = {isa = PBXBuildFile; fileRef = CF960F281B9A06CA00F989EA /* SKDeviceMotionConfiguration.m */; };
		CF960F2C1B9A06D400F989EA /* SKActivityConfiguration.m in Sources */ = {isa = PBXBuildFile; fileRef = CF960F2B1B9A06D400F989EA /* SKActivityConfiguration.m */; };
		CF960F2F1B9A06DD00F989EA /* SKPedometerConfiguration.m in Sources */ = {isa = PBXBuildFile; fileRef = CF960F2E1B9A06DD00F989EA /* SKPedometerConfiguration.m */; };
		CF960F321B9A06E600F989EA /* SKAltimeterConfiguration.m in Sources */ = {isa = PBXBuildFile; fileRef = CF960F311B9A06E600F989EA /* SKAltimeterConfiguration.m */; };
		CF960F351B9A06EF00F989EA /* SKBatteryConfiguration.m in Sources */ = {isa = PBXBuildFile; fileRef = CF960F341B9A06EF00F989EA /* SKBatteryConfiguration.m */; };
		CF960F381B9A06FA00F989EA /* SKLocationConfiguration.m in Sources */ = {isa = PBXBuildFile; fileRef = CF960F371B9A06FA00F989EA /* SKLocationConfiguration.m */; };
		CF960F3B1B9A070100F989EA /* SKiBeaconProximityConfiguration.m in Sources */ = {isa = PBXBuildFile; fileRef = CF960F3A1B9A070100F989EA /* SKiBeaconProximityConfiguration.m */; };
		CF960F3E1B9A070800F989EA /* SKEddystoneProximityConfiguration.m in Sources */ = {isa = PBXBuildFile; fileRef = CF960F3D1B9A070800F989EA /* SKEddystoneProximityConfiguration.m */; };
		CF960F3F1B9A08A700F989EA /* SKAccelerometerConfiguration.h in CopyFiles */ = {isa = PBXBuildFile; fileRef = CF960F1E1B99D13100F989EA /* SKAccelerometerConfiguration.h */; };
		CF960F401B9A08A700F989EA /* SKGyroscopeConfiguration.h in CopyFiles */ = {isa = PBXBuildFile; fileRef = CF960F211B9A06A700F989EA /* SKGyroscopeConfiguration.h */; };
		CF960F411B9A08A700F989EA /* SKMagnetometerConfiguration.h in CopyFiles */ = {isa = PBXBuildFile; fileRef = CF960F241B9A06B800F989EA /* SKMagnetometerConfiguration.h */; };
		CF960F421B9A08A700F989EA /* SKDeviceMotionConfiguration.h in CopyFiles */ = {isa = PBXBuildFile; fileRef = CF960F271B9A06CA00F989EA /* SKDeviceMotionConfiguration.h */; };
		CF960F431B9A08A700F989EA /* SKActivityConfiguration.h in CopyFiles */ = {isa = PBXBuildFile; fileRef = CF960F2A1B9A06D400F989EA /* SKActivityConfiguration.h */; };
		CF960F441B9A08A700F989EA /* SKPedometerConfiguration.h in CopyFiles */ = {isa = PBXBuildFile; fileRef = CF960F2D1B9A06DD00F989EA /* SKPedometerConfiguration.h */; };
		CF960F451B9A08A700F989EA /* SKAltimeterConfiguration.h in CopyFiles */ = {isa = PBXBuildFile; fileRef = CF960F301B9A06E600F989EA /* SKAltimeterConfiguration.h */; };
		CF960F461B9A08A700F989EA /* SKBatteryConfiguration.h in CopyFiles */ = {isa = PBXBuildFile; fileRef = CF960F331B9A06EF00F989EA /* SKBatteryConfiguration.h */; };
		CF960F471B9A08A700F989EA /* SKLocationConfiguration.h in CopyFiles */ = {isa = PBXBuildFile; fileRef = CF960F361B9A06FA00F989EA /* SKLocationConfiguration.h */; };
		CF960F481B9A08A700F989EA /* SKiBeaconProximityConfiguration.h in CopyFiles */ = {isa = PBXBuildFile; fileRef = CF960F391B9A070100F989EA /* SKiBeaconProximityConfiguration.h */; };
		CF960F491B9A08A700F989EA /* SKEddystoneProximityConfiguration.h in CopyFiles */ = {isa = PBXBuildFile; fileRef = CF960F3C1B9A070800F989EA /* SKEddystoneProximityConfiguration.h */; };
		CF960F4C1B9B816F00F989EA /* SKMicrophone.m in Sources */ = {isa = PBXBuildFile; fileRef = CF960F4B1B9B816F00F989EA /* SKMicrophone.m */; };
		CF960F4F1B9B818600F989EA /* SKMicrophoneData.m in Sources */ = {isa = PBXBuildFile; fileRef = CF960F4E1B9B818600F989EA /* SKMicrophoneData.m */; };
		CF960F521B9B81A600F989EA /* SKMicrophoneConfiguration.m in Sources */ = {isa = PBXBuildFile; fileRef = CF960F511B9B81A600F989EA /* SKMicrophoneConfiguration.m */; };
		CF960F531B9B81C200F989EA /* SKMicrophoneData.h in CopyFiles */ = {isa = PBXBuildFile; fileRef = CF960F4D1B9B818600F989EA /* SKMicrophoneData.h */; };
		CF960F541B9B81C200F989EA /* SKMicrophoneConfiguration.h in CopyFiles */ = {isa = PBXBuildFile; fileRef = CF960F501B9B81A600F989EA /* SKMicrophoneConfiguration.h */; };
		CF960F551B9F0A5300F989EA /* SKProximityData.h in CopyFiles */ = {isa = PBXBuildFile; fileRef = CFD450201B8738DC00E2E78D /* SKProximityData.h */; };
		CF960F561B9F0AB400F989EA /* SKPedometerData.h in CopyFiles */ = {isa = PBXBuildFile; fileRef = CF1DFA161B8C821000D7B182 /* SKPedometerData.h */; };
		CF960F571B9F0ADC00F989EA /* SKAltimeterData.h in CopyFiles */ = {isa = PBXBuildFile; fileRef = CF1DFA1D1B8CC01900D7B182 /* SKAltimeterData.h */; };
		CFB0D9371B4FEE7900A7982B /* SKAccelerometer.m in Sources */ = {isa = PBXBuildFile; fileRef = CFB0D9361B4FEE7900A7982B /* SKAccelerometer.m */; };
		CFB0D93A1B4FF7E000A7982B /* SKMotionManager.m in Sources */ = {isa = PBXBuildFile; fileRef = CFB0D9391B4FF7E000A7982B /* SKMotionManager.m */; };
		CFB0D93D1B4FFA1D00A7982B /* SKGyroscope.m in Sources */ = {isa = PBXBuildFile; fileRef = CFB0D93C1B4FFA1D00A7982B /* SKGyroscope.m */; };
		CFB0D9401B4FFA2700A7982B /* SKMagnetometer.m in Sources */ = {isa = PBXBuildFile; fileRef = CFB0D93F1B4FFA2700A7982B /* SKMagnetometer.m */; };
		CFB0D9421B525E6A00A7982B /* CoreMotion.framework in Frameworks */ = {isa = PBXBuildFile; fileRef = CFB0D9411B525E6A00A7982B /* CoreMotion.framework */; };
		CFB0D9431B525EDE00A7982B /* CoreMotion.framework in Frameworks */ = {isa = PBXBuildFile; fileRef = CFB0D9411B525E6A00A7982B /* CoreMotion.framework */; };
		CFB0D9461B5268EF00A7982B /* SKAccelerometerData.m in Sources */ = {isa = PBXBuildFile; fileRef = CFB0D9451B5268EF00A7982B /* SKAccelerometerData.m */; };
		CFB0D9491B5268FC00A7982B /* SKGyroscopeData.m in Sources */ = {isa = PBXBuildFile; fileRef = CFB0D9481B5268FC00A7982B /* SKGyroscopeData.m */; };
		CFB0D94C1B52690500A7982B /* SKMagnetometerData.m in Sources */ = {isa = PBXBuildFile; fileRef = CFB0D94B1B52690500A7982B /* SKMagnetometerData.m */; };
		CFB0D94F1B52698C00A7982B /* SKDeviceMotionData.m in Sources */ = {isa = PBXBuildFile; fileRef = CFB0D94E1B52698C00A7982B /* SKDeviceMotionData.m */; };
		CFB0D9521B52699700A7982B /* SKActivityData.m in Sources */ = {isa = PBXBuildFile; fileRef = CFB0D9511B52699700A7982B /* SKActivityData.m */; };
		CFB0D9551B5269AF00A7982B /* SKDeviceMotion.m in Sources */ = {isa = PBXBuildFile; fileRef = CFB0D9541B5269AF00A7982B /* SKDeviceMotion.m */; };
		CFB0D9581B5269BD00A7982B /* SKActivity.m in Sources */ = {isa = PBXBuildFile; fileRef = CFB0D9571B5269BD00A7982B /* SKActivity.m */; };
		CFB0D9591B52AD7500A7982B /* SKAccelerometerData.h in CopyFiles */ = {isa = PBXBuildFile; fileRef = CFB0D9441B5268EF00A7982B /* SKAccelerometerData.h */; };
		CFB0D95A1B52AD7500A7982B /* SKGyroscopeData.h in CopyFiles */ = {isa = PBXBuildFile; fileRef = CFB0D9471B5268FC00A7982B /* SKGyroscopeData.h */; };
		CFB0D95B1B52AD7500A7982B /* SKMagnetometerData.h in CopyFiles */ = {isa = PBXBuildFile; fileRef = CFB0D94A1B52690500A7982B /* SKMagnetometerData.h */; };
		CFB0D95C1B52AD7500A7982B /* SKDeviceMotionData.h in CopyFiles */ = {isa = PBXBuildFile; fileRef = CFB0D94D1B52698C00A7982B /* SKDeviceMotionData.h */; };
		CFB0D95D1B52AD7500A7982B /* SKActivityData.h in CopyFiles */ = {isa = PBXBuildFile; fileRef = CFB0D9501B52699700A7982B /* SKActivityData.h */; };
		CFBB413A19B92514002AE1A9 /* Foundation.framework in Frameworks */ = {isa = PBXBuildFile; fileRef = CFBB413919B92514002AE1A9 /* Foundation.framework */; };
		CFBB413F19B92514002AE1A9 /* SensingKitLib.h in CopyFiles */ = {isa = PBXBuildFile; fileRef = CFBB413E19B92514002AE1A9 /* SensingKitLib.h */; };
		CFBB414119B92514002AE1A9 /* SensingKitLib.m in Sources */ = {isa = PBXBuildFile; fileRef = CFBB414019B92514002AE1A9 /* SensingKitLib.m */; };
		CFBB414919B92514002AE1A9 /* Foundation.framework in Frameworks */ = {isa = PBXBuildFile; fileRef = CFBB413919B92514002AE1A9 /* Foundation.framework */; };
		CFBB414E19B92514002AE1A9 /* libSensingKit.a in Frameworks */ = {isa = PBXBuildFile; fileRef = CFBB413619B92514002AE1A9 /* libSensingKit.a */; };
		CFBB415419B92514002AE1A9 /* InfoPlist.strings in Resources */ = {isa = PBXBuildFile; fileRef = CFBB415219B92514002AE1A9 /* InfoPlist.strings */; };
		CFBB415619B92514002AE1A9 /* SensingKitTests.m in Sources */ = {isa = PBXBuildFile; fileRef = CFBB415519B92514002AE1A9 /* SensingKitTests.m */; };
		CFBB416719B928C2002AE1A9 /* SKBattery.m in Sources */ = {isa = PBXBuildFile; fileRef = CFBB416019B928C2002AE1A9 /* SKBattery.m */; };
		CFBB416819B928C2002AE1A9 /* SKiBeaconProximity.m in Sources */ = {isa = PBXBuildFile; fileRef = CFBB416219B928C2002AE1A9 /* SKiBeaconProximity.m */; };
		CFBB416919B928C2002AE1A9 /* SKLocation.m in Sources */ = {isa = PBXBuildFile; fileRef = CFBB416419B928C2002AE1A9 /* SKLocation.m */; };
		CFBC059E1B9060A600B9CA6D /* SKSensorTimestamp.m in Sources */ = {isa = PBXBuildFile; fileRef = CFBC059D1B9060A600B9CA6D /* SKSensorTimestamp.m */; };
		CFBC059F1B90610700B9CA6D /* SKSensorTimestamp.h in CopyFiles */ = {isa = PBXBuildFile; fileRef = CFBC059C1B9060A600B9CA6D /* SKSensorTimestamp.h */; };
		CFD450221B8738DC00E2E78D /* SKProximityData.m in Sources */ = {isa = PBXBuildFile; fileRef = CFD450211B8738DC00E2E78D /* SKProximityData.m */; };
		CFD450251B875B5A00E2E78D /* NSString+SensorType.m in Sources */ = {isa = PBXBuildFile; fileRef = CFD450241B875B5A00E2E78D /* NSString+SensorType.m */; };
		CFD450261B878A6900E2E78D /* NSString+SensorType.h in CopyFiles */ = {isa = PBXBuildFile; fileRef = CFD450231B875B5A00E2E78D /* NSString+SensorType.h */; };
		CFD450321B88D86500E2E78D /* ESSBeaconScanner.m in Sources */ = {isa = PBXBuildFile; fileRef = CFD4502D1B88D86500E2E78D /* ESSBeaconScanner.m */; };
		CFD450331B88D86500E2E78D /* ESSEddystone.m in Sources */ = {isa = PBXBuildFile; fileRef = CFD4502F1B88D86500E2E78D /* ESSEddystone.m */; };
		CFD450341B88D86500E2E78D /* ESSTimer.m in Sources */ = {isa = PBXBuildFile; fileRef = CFD450311B88D86500E2E78D /* ESSTimer.m */; };
		CFD450371B88D8C600E2E78D /* SKEddystoneProximity.m in Sources */ = {isa = PBXBuildFile; fileRef = CFD450361B88D8C600E2E78D /* SKEddystoneProximity.m */; };
		CFD4503A1B88D90A00E2E78D /* SKEddystoneProximityData.m in Sources */ = {isa = PBXBuildFile; fileRef = CFD450391B88D90A00E2E78D /* SKEddystoneProximityData.m */; };
		CFD4503B1B88DCD900E2E78D /* SKEddystoneProximityData.h in CopyFiles */ = {isa = PBXBuildFile; fileRef = CFD450381B88D90A00E2E78D /* SKEddystoneProximityData.h */; };
/* End PBXBuildFile section */

/* Begin PBXContainerItemProxy section */
		CF5298A11A0D6EB0002A4D54 /* PBXContainerItemProxy */ = {
			isa = PBXContainerItemProxy;
			containerPortal = CFBB412E19B92514002AE1A9 /* Project object */;
			proxyType = 1;
			remoteGlobalIDString = CFBB413519B92514002AE1A9;
			remoteInfo = SensingKit;
		};
		CFBB414C19B92514002AE1A9 /* PBXContainerItemProxy */ = {
			isa = PBXContainerItemProxy;
			containerPortal = CFBB412E19B92514002AE1A9 /* Project object */;
			proxyType = 1;
			remoteGlobalIDString = CFBB413519B92514002AE1A9;
			remoteInfo = SensingKit;
		};
/* End PBXContainerItemProxy section */

/* Begin PBXCopyFilesBuildPhase section */
		CFBB413419B92514002AE1A9 /* CopyFiles */ = {
			isa = PBXCopyFilesBuildPhase;
			buildActionMask = 2147483647;
			dstPath = "include/$(PRODUCT_NAME)";
			dstSubfolderSpec = 16;
			files = (
				CF432D0E1BA98B6C00588CC3 /* SKSampleRateConfiguration.h in CopyFiles */,
				CF960F571B9F0ADC00F989EA /* SKAltimeterData.h in CopyFiles */,
				CF960F561B9F0AB400F989EA /* SKPedometerData.h in CopyFiles */,
				CF960F551B9F0A5300F989EA /* SKProximityData.h in CopyFiles */,
				CF960F531B9B81C200F989EA /* SKMicrophoneData.h in CopyFiles */,
				CF960F541B9B81C200F989EA /* SKMicrophoneConfiguration.h in CopyFiles */,
				CF960F3F1B9A08A700F989EA /* SKAccelerometerConfiguration.h in CopyFiles */,
				CF960F401B9A08A700F989EA /* SKGyroscopeConfiguration.h in CopyFiles */,
				CF960F411B9A08A700F989EA /* SKMagnetometerConfiguration.h in CopyFiles */,
				CF960F421B9A08A700F989EA /* SKDeviceMotionConfiguration.h in CopyFiles */,
				CF960F431B9A08A700F989EA /* SKActivityConfiguration.h in CopyFiles */,
				CF960F441B9A08A700F989EA /* SKPedometerConfiguration.h in CopyFiles */,
				CF960F451B9A08A700F989EA /* SKAltimeterConfiguration.h in CopyFiles */,
				CF960F461B9A08A700F989EA /* SKBatteryConfiguration.h in CopyFiles */,
				CF960F471B9A08A700F989EA /* SKLocationConfiguration.h in CopyFiles */,
				CF960F481B9A08A700F989EA /* SKiBeaconProximityConfiguration.h in CopyFiles */,
				CF960F491B9A08A700F989EA /* SKEddystoneProximityConfiguration.h in CopyFiles */,
				CF960F1D1B99CD9A00F989EA /* SKConfiguration.h in CopyFiles */,
				CFBC059F1B90610700B9CA6D /* SKSensorTimestamp.h in CopyFiles */,
				CF1DFA191B8C822000D7B182 /* SKPedometer.h in CopyFiles */,
				CFD4503B1B88DCD900E2E78D /* SKEddystoneProximityData.h in CopyFiles */,
				CFD450261B878A6900E2E78D /* NSString+SensorType.h in CopyFiles */,
				CFB0D9591B52AD7500A7982B /* SKAccelerometerData.h in CopyFiles */,
				CFB0D95A1B52AD7500A7982B /* SKGyroscopeData.h in CopyFiles */,
				CFB0D95B1B52AD7500A7982B /* SKMagnetometerData.h in CopyFiles */,
				CFB0D95C1B52AD7500A7982B /* SKDeviceMotionData.h in CopyFiles */,
				CFB0D95D1B52AD7500A7982B /* SKActivityData.h in CopyFiles */,
				CF8E9BD11B32E420005AC2FC /* SKiBeaconDeviceData.h in CopyFiles */,
				CF11F8C41B2F77EC0094C9DF /* SKLocationData.h in CopyFiles */,
				CF11F8BC1B2F52A60094C9DF /* SKSensorData.h in CopyFiles */,
				CF11F8BD1B2F52A60094C9DF /* SKBatteryData.h in CopyFiles */,
				CF11F8BB1B2F52700094C9DF /* SKSensorDataHandler.h in CopyFiles */,
				CF11F8BA1B2F52670094C9DF /* SKSensorType.h in CopyFiles */,
				CFBB413F19B92514002AE1A9 /* SensingKitLib.h in CopyFiles */,
			);
			runOnlyForDeploymentPostprocessing = 0;
		};
/* End PBXCopyFilesBuildPhase section */

/* Begin PBXFileReference section */
		CF11F87F1B2C688B0094C9DF /* SKSensorType.h */ = {isa = PBXFileReference; fileEncoding = 4; lastKnownFileType = sourcecode.c.h; path = SKSensorType.h; sourceTree = "<group>"; };
		CF11F8801B2C6D7D0094C9DF /* SKSensorManager.h */ = {isa = PBXFileReference; fileEncoding = 4; lastKnownFileType = sourcecode.c.h; path = SKSensorManager.h; sourceTree = "<group>"; };
		CF11F8811B2C6D7D0094C9DF /* SKSensorManager.m */ = {isa = PBXFileReference; fileEncoding = 4; lastKnownFileType = sourcecode.c.objc; path = SKSensorManager.m; sourceTree = "<group>"; };
		CF11F8831B2C7CFE0094C9DF /* SKAbstractSensor.h */ = {isa = PBXFileReference; fileEncoding = 4; lastKnownFileType = sourcecode.c.h; path = SKAbstractSensor.h; sourceTree = "<group>"; };
		CF11F8841B2C7CFE0094C9DF /* SKAbstractSensor.m */ = {isa = PBXFileReference; fileEncoding = 4; lastKnownFileType = sourcecode.c.objc; path = SKAbstractSensor.m; sourceTree = "<group>"; };
		CF11F8861B2D8D370094C9DF /* SKSensorData.h */ = {isa = PBXFileReference; fileEncoding = 4; lastKnownFileType = sourcecode.c.h; path = SKSensorData.h; sourceTree = "<group>"; };
		CF11F8871B2D8D370094C9DF /* SKSensorData.m */ = {isa = PBXFileReference; fileEncoding = 4; lastKnownFileType = sourcecode.c.objc; path = SKSensorData.m; sourceTree = "<group>"; };
		CF11F8891B2D909F0094C9DF /* SKSensorDataHandler.h */ = {isa = PBXFileReference; lastKnownFileType = sourcecode.c.h; path = SKSensorDataHandler.h; sourceTree = "<group>"; };
		CF11F8B71B2F4B0E0094C9DF /* SKBatteryData.h */ = {isa = PBXFileReference; fileEncoding = 4; lastKnownFileType = sourcecode.c.h; path = SKBatteryData.h; sourceTree = "<group>"; };
		CF11F8B81B2F4B0E0094C9DF /* SKBatteryData.m */ = {isa = PBXFileReference; fileEncoding = 4; lastKnownFileType = sourcecode.c.objc; path = SKBatteryData.m; sourceTree = "<group>"; };
		CF11F8BE1B2F76160094C9DF /* CoreLocation.framework */ = {isa = PBXFileReference; lastKnownFileType = wrapper.framework; name = CoreLocation.framework; path = System/Library/Frameworks/CoreLocation.framework; sourceTree = SDKROOT; };
		CF11F8C11B2F77940094C9DF /* SKLocationData.h */ = {isa = PBXFileReference; fileEncoding = 4; lastKnownFileType = sourcecode.c.h; path = SKLocationData.h; sourceTree = "<group>"; };
		CF11F8C21B2F77940094C9DF /* SKLocationData.m */ = {isa = PBXFileReference; fileEncoding = 4; lastKnownFileType = sourcecode.c.objc; path = SKLocationData.m; sourceTree = "<group>"; };
		CF1DFA131B8C7F1E00D7B182 /* SKPedometer.h */ = {isa = PBXFileReference; fileEncoding = 4; lastKnownFileType = sourcecode.c.h; path = SKPedometer.h; sourceTree = "<group>"; };
		CF1DFA141B8C7F1E00D7B182 /* SKPedometer.m */ = {isa = PBXFileReference; fileEncoding = 4; lastKnownFileType = sourcecode.c.objc; path = SKPedometer.m; sourceTree = "<group>"; };
		CF1DFA161B8C821000D7B182 /* SKPedometerData.h */ = {isa = PBXFileReference; fileEncoding = 4; lastKnownFileType = sourcecode.c.h; path = SKPedometerData.h; sourceTree = "<group>"; };
		CF1DFA171B8C821000D7B182 /* SKPedometerData.m */ = {isa = PBXFileReference; fileEncoding = 4; lastKnownFileType = sourcecode.c.objc; path = SKPedometerData.m; sourceTree = "<group>"; };
		CF1DFA1A1B8CBE5500D7B182 /* SKAltimeter.h */ = {isa = PBXFileReference; fileEncoding = 4; lastKnownFileType = sourcecode.c.h; path = SKAltimeter.h; sourceTree = "<group>"; };
		CF1DFA1B1B8CBE5500D7B182 /* SKAltimeter.m */ = {isa = PBXFileReference; fileEncoding = 4; lastKnownFileType = sourcecode.c.objc; path = SKAltimeter.m; sourceTree = "<group>"; };
		CF1DFA1D1B8CC01900D7B182 /* SKAltimeterData.h */ = {isa = PBXFileReference; fileEncoding = 4; lastKnownFileType = sourcecode.c.h; path = SKAltimeterData.h; sourceTree = "<group>"; };
		CF1DFA1E1B8CC01900D7B182 /* SKAltimeterData.m */ = {isa = PBXFileReference; fileEncoding = 4; lastKnownFileType = sourcecode.c.objc; path = SKAltimeterData.m; sourceTree = "<group>"; };
		CF432D0B1BA98ACD00588CC3 /* SKSampleRateConfiguration.h */ = {isa = PBXFileReference; fileEncoding = 4; lastKnownFileType = sourcecode.c.h; path = SKSampleRateConfiguration.h; sourceTree = "<group>"; };
		CF432D0C1BA98ACD00588CC3 /* SKSampleRateConfiguration.m */ = {isa = PBXFileReference; fileEncoding = 4; lastKnownFileType = sourcecode.c.objc; path = SKSampleRateConfiguration.m; sourceTree = "<group>"; };
		CF5298951A0CFC7A002A4D54 /* UIKit.framework */ = {isa = PBXFileReference; lastKnownFileType = wrapper.framework; name = UIKit.framework; path = System/Library/Frameworks/UIKit.framework; sourceTree = SDKROOT; };
		CF8E9BCE1B3200E7005AC2FC /* SKiBeaconDeviceData.h */ = {isa = PBXFileReference; fileEncoding = 4; lastKnownFileType = sourcecode.c.h; path = SKiBeaconDeviceData.h; sourceTree = "<group>"; };
		CF8E9BCF1B3200E7005AC2FC /* SKiBeaconDeviceData.m */ = {isa = PBXFileReference; fileEncoding = 4; lastKnownFileType = sourcecode.c.objc; path = SKiBeaconDeviceData.m; sourceTree = "<group>"; };
		CF8E9BD31B32EA04005AC2FC /* CoreBluetooth.framework */ = {isa = PBXFileReference; lastKnownFileType = wrapper.framework; name = CoreBluetooth.framework; path = System/Library/Frameworks/CoreBluetooth.framework; sourceTree = SDKROOT; };
		CF960F191B99CC5200F989EA /* SKConfiguration.h */ = {isa = PBXFileReference; fileEncoding = 4; lastKnownFileType = sourcecode.c.h; path = SKConfiguration.h; sourceTree = "<group>"; };
		CF960F1A1B99CC5200F989EA /* SKConfiguration.m */ = {isa = PBXFileReference; fileEncoding = 4; lastKnownFileType = sourcecode.c.objc; path = SKConfiguration.m; sourceTree = "<group>"; };
		CF960F1E1B99D13100F989EA /* SKAccelerometerConfiguration.h */ = {isa = PBXFileReference; fileEncoding = 4; lastKnownFileType = sourcecode.c.h; path = SKAccelerometerConfiguration.h; sourceTree = "<group>"; };
		CF960F1F1B99D13100F989EA /* SKAccelerometerConfiguration.m */ = {isa = PBXFileReference; fileEncoding = 4; lastKnownFileType = sourcecode.c.objc; path = SKAccelerometerConfiguration.m; sourceTree = "<group>"; };
		CF960F211B9A06A700F989EA /* SKGyroscopeConfiguration.h */ = {isa = PBXFileReference; fileEncoding = 4; lastKnownFileType = sourcecode.c.h; path = SKGyroscopeConfiguration.h; sourceTree = "<group>"; };
		CF960F221B9A06A700F989EA /* SKGyroscopeConfiguration.m */ = {isa = PBXFileReference; fileEncoding = 4; lastKnownFileType = sourcecode.c.objc; path = SKGyroscopeConfiguration.m; sourceTree = "<group>"; };
		CF960F241B9A06B800F989EA /* SKMagnetometerConfiguration.h */ = {isa = PBXFileReference; fileEncoding = 4; lastKnownFileType = sourcecode.c.h; path = SKMagnetometerConfiguration.h; sourceTree = "<group>"; };
		CF960F251B9A06B800F989EA /* SKMagnetometerConfiguration.m */ = {isa = PBXFileReference; fileEncoding = 4; lastKnownFileType = sourcecode.c.objc; path = SKMagnetometerConfiguration.m; sourceTree = "<group>"; };
		CF960F271B9A06CA00F989EA /* SKDeviceMotionConfiguration.h */ = {isa = PBXFileReference; fileEncoding = 4; lastKnownFileType = sourcecode.c.h; path = SKDeviceMotionConfiguration.h; sourceTree = "<group>"; };
		CF960F281B9A06CA00F989EA /* SKDeviceMotionConfiguration.m */ = {isa = PBXFileReference; fileEncoding = 4; lastKnownFileType = sourcecode.c.objc; path = SKDeviceMotionConfiguration.m; sourceTree = "<group>"; };
		CF960F2A1B9A06D400F989EA /* SKActivityConfiguration.h */ = {isa = PBXFileReference; fileEncoding = 4; lastKnownFileType = sourcecode.c.h; path = SKActivityConfiguration.h; sourceTree = "<group>"; };
		CF960F2B1B9A06D400F989EA /* SKActivityConfiguration.m */ = {isa = PBXFileReference; fileEncoding = 4; lastKnownFileType = sourcecode.c.objc; path = SKActivityConfiguration.m; sourceTree = "<group>"; };
		CF960F2D1B9A06DD00F989EA /* SKPedometerConfiguration.h */ = {isa = PBXFileReference; fileEncoding = 4; lastKnownFileType = sourcecode.c.h; path = SKPedometerConfiguration.h; sourceTree = "<group>"; };
		CF960F2E1B9A06DD00F989EA /* SKPedometerConfiguration.m */ = {isa = PBXFileReference; fileEncoding = 4; lastKnownFileType = sourcecode.c.objc; path = SKPedometerConfiguration.m; sourceTree = "<group>"; };
		CF960F301B9A06E600F989EA /* SKAltimeterConfiguration.h */ = {isa = PBXFileReference; fileEncoding = 4; lastKnownFileType = sourcecode.c.h; path = SKAltimeterConfiguration.h; sourceTree = "<group>"; };
		CF960F311B9A06E600F989EA /* SKAltimeterConfiguration.m */ = {isa = PBXFileReference; fileEncoding = 4; lastKnownFileType = sourcecode.c.objc; path = SKAltimeterConfiguration.m; sourceTree = "<group>"; };
		CF960F331B9A06EF00F989EA /* SKBatteryConfiguration.h */ = {isa = PBXFileReference; fileEncoding = 4; lastKnownFileType = sourcecode.c.h; path = SKBatteryConfiguration.h; sourceTree = "<group>"; };
		CF960F341B9A06EF00F989EA /* SKBatteryConfiguration.m */ = {isa = PBXFileReference; fileEncoding = 4; lastKnownFileType = sourcecode.c.objc; path = SKBatteryConfiguration.m; sourceTree = "<group>"; };
		CF960F361B9A06FA00F989EA /* SKLocationConfiguration.h */ = {isa = PBXFileReference; fileEncoding = 4; lastKnownFileType = sourcecode.c.h; path = SKLocationConfiguration.h; sourceTree = "<group>"; };
		CF960F371B9A06FA00F989EA /* SKLocationConfiguration.m */ = {isa = PBXFileReference; fileEncoding = 4; lastKnownFileType = sourcecode.c.objc; path = SKLocationConfiguration.m; sourceTree = "<group>"; };
		CF960F391B9A070100F989EA /* SKiBeaconProximityConfiguration.h */ = {isa = PBXFileReference; fileEncoding = 4; lastKnownFileType = sourcecode.c.h; path = SKiBeaconProximityConfiguration.h; sourceTree = "<group>"; };
		CF960F3A1B9A070100F989EA /* SKiBeaconProximityConfiguration.m */ = {isa = PBXFileReference; fileEncoding = 4; lastKnownFileType = sourcecode.c.objc; path = SKiBeaconProximityConfiguration.m; sourceTree = "<group>"; };
		CF960F3C1B9A070800F989EA /* SKEddystoneProximityConfiguration.h */ = {isa = PBXFileReference; fileEncoding = 4; lastKnownFileType = sourcecode.c.h; path = SKEddystoneProximityConfiguration.h; sourceTree = "<group>"; };
		CF960F3D1B9A070800F989EA /* SKEddystoneProximityConfiguration.m */ = {isa = PBXFileReference; fileEncoding = 4; lastKnownFileType = sourcecode.c.objc; path = SKEddystoneProximityConfiguration.m; sourceTree = "<group>"; };
		CF960F4A1B9B816F00F989EA /* SKMicrophone.h */ = {isa = PBXFileReference; fileEncoding = 4; lastKnownFileType = sourcecode.c.h; path = SKMicrophone.h; sourceTree = "<group>"; };
		CF960F4B1B9B816F00F989EA /* SKMicrophone.m */ = {isa = PBXFileReference; fileEncoding = 4; lastKnownFileType = sourcecode.c.objc; path = SKMicrophone.m; sourceTree = "<group>"; };
		CF960F4D1B9B818600F989EA /* SKMicrophoneData.h */ = {isa = PBXFileReference; fileEncoding = 4; lastKnownFileType = sourcecode.c.h; path = SKMicrophoneData.h; sourceTree = "<group>"; };
		CF960F4E1B9B818600F989EA /* SKMicrophoneData.m */ = {isa = PBXFileReference; fileEncoding = 4; lastKnownFileType = sourcecode.c.objc; path = SKMicrophoneData.m; sourceTree = "<group>"; };
		CF960F501B9B81A600F989EA /* SKMicrophoneConfiguration.h */ = {isa = PBXFileReference; fileEncoding = 4; lastKnownFileType = sourcecode.c.h; path = SKMicrophoneConfiguration.h; sourceTree = "<group>"; };
		CF960F511B9B81A600F989EA /* SKMicrophoneConfiguration.m */ = {isa = PBXFileReference; fileEncoding = 4; lastKnownFileType = sourcecode.c.objc; path = SKMicrophoneConfiguration.m; sourceTree = "<group>"; };
		CFB0D9351B4FEE7900A7982B /* SKAccelerometer.h */ = {isa = PBXFileReference; fileEncoding = 4; lastKnownFileType = sourcecode.c.h; path = SKAccelerometer.h; sourceTree = "<group>"; };
		CFB0D9361B4FEE7900A7982B /* SKAccelerometer.m */ = {isa = PBXFileReference; fileEncoding = 4; lastKnownFileType = sourcecode.c.objc; path = SKAccelerometer.m; sourceTree = "<group>"; };
		CFB0D9381B4FF7E000A7982B /* SKMotionManager.h */ = {isa = PBXFileReference; fileEncoding = 4; lastKnownFileType = sourcecode.c.h; path = SKMotionManager.h; sourceTree = "<group>"; };
		CFB0D9391B4FF7E000A7982B /* SKMotionManager.m */ = {isa = PBXFileReference; fileEncoding = 4; lastKnownFileType = sourcecode.c.objc; path = SKMotionManager.m; sourceTree = "<group>"; };
		CFB0D93B1B4FFA1D00A7982B /* SKGyroscope.h */ = {isa = PBXFileReference; fileEncoding = 4; lastKnownFileType = sourcecode.c.h; path = SKGyroscope.h; sourceTree = "<group>"; };
		CFB0D93C1B4FFA1D00A7982B /* SKGyroscope.m */ = {isa = PBXFileReference; fileEncoding = 4; lastKnownFileType = sourcecode.c.objc; path = SKGyroscope.m; sourceTree = "<group>"; };
		CFB0D93E1B4FFA2700A7982B /* SKMagnetometer.h */ = {isa = PBXFileReference; fileEncoding = 4; lastKnownFileType = sourcecode.c.h; path = SKMagnetometer.h; sourceTree = "<group>"; };
		CFB0D93F1B4FFA2700A7982B /* SKMagnetometer.m */ = {isa = PBXFileReference; fileEncoding = 4; lastKnownFileType = sourcecode.c.objc; path = SKMagnetometer.m; sourceTree = "<group>"; };
		CFB0D9411B525E6A00A7982B /* CoreMotion.framework */ = {isa = PBXFileReference; lastKnownFileType = wrapper.framework; name = CoreMotion.framework; path = System/Library/Frameworks/CoreMotion.framework; sourceTree = SDKROOT; };
		CFB0D9441B5268EF00A7982B /* SKAccelerometerData.h */ = {isa = PBXFileReference; fileEncoding = 4; lastKnownFileType = sourcecode.c.h; path = SKAccelerometerData.h; sourceTree = "<group>"; };
		CFB0D9451B5268EF00A7982B /* SKAccelerometerData.m */ = {isa = PBXFileReference; fileEncoding = 4; lastKnownFileType = sourcecode.c.objc; path = SKAccelerometerData.m; sourceTree = "<group>"; };
		CFB0D9471B5268FC00A7982B /* SKGyroscopeData.h */ = {isa = PBXFileReference; fileEncoding = 4; lastKnownFileType = sourcecode.c.h; path = SKGyroscopeData.h; sourceTree = "<group>"; };
		CFB0D9481B5268FC00A7982B /* SKGyroscopeData.m */ = {isa = PBXFileReference; fileEncoding = 4; lastKnownFileType = sourcecode.c.objc; path = SKGyroscopeData.m; sourceTree = "<group>"; };
		CFB0D94A1B52690500A7982B /* SKMagnetometerData.h */ = {isa = PBXFileReference; fileEncoding = 4; lastKnownFileType = sourcecode.c.h; path = SKMagnetometerData.h; sourceTree = "<group>"; };
		CFB0D94B1B52690500A7982B /* SKMagnetometerData.m */ = {isa = PBXFileReference; fileEncoding = 4; lastKnownFileType = sourcecode.c.objc; path = SKMagnetometerData.m; sourceTree = "<group>"; };
		CFB0D94D1B52698C00A7982B /* SKDeviceMotionData.h */ = {isa = PBXFileReference; fileEncoding = 4; lastKnownFileType = sourcecode.c.h; path = SKDeviceMotionData.h; sourceTree = "<group>"; };
		CFB0D94E1B52698C00A7982B /* SKDeviceMotionData.m */ = {isa = PBXFileReference; fileEncoding = 4; lastKnownFileType = sourcecode.c.objc; path = SKDeviceMotionData.m; sourceTree = "<group>"; };
		CFB0D9501B52699700A7982B /* SKActivityData.h */ = {isa = PBXFileReference; fileEncoding = 4; lastKnownFileType = sourcecode.c.h; path = SKActivityData.h; sourceTree = "<group>"; };
		CFB0D9511B52699700A7982B /* SKActivityData.m */ = {isa = PBXFileReference; fileEncoding = 4; lastKnownFileType = sourcecode.c.objc; path = SKActivityData.m; sourceTree = "<group>"; };
		CFB0D9531B5269AF00A7982B /* SKDeviceMotion.h */ = {isa = PBXFileReference; fileEncoding = 4; lastKnownFileType = sourcecode.c.h; path = SKDeviceMotion.h; sourceTree = "<group>"; };
		CFB0D9541B5269AF00A7982B /* SKDeviceMotion.m */ = {isa = PBXFileReference; fileEncoding = 4; lastKnownFileType = sourcecode.c.objc; path = SKDeviceMotion.m; sourceTree = "<group>"; };
		CFB0D9561B5269BD00A7982B /* SKActivity.h */ = {isa = PBXFileReference; fileEncoding = 4; lastKnownFileType = sourcecode.c.h; path = SKActivity.h; sourceTree = "<group>"; };
		CFB0D9571B5269BD00A7982B /* SKActivity.m */ = {isa = PBXFileReference; fileEncoding = 4; lastKnownFileType = sourcecode.c.objc; path = SKActivity.m; sourceTree = "<group>"; };
		CFBB413619B92514002AE1A9 /* libSensingKit.a */ = {isa = PBXFileReference; explicitFileType = archive.ar; includeInIndex = 0; path = libSensingKit.a; sourceTree = BUILT_PRODUCTS_DIR; };
		CFBB413919B92514002AE1A9 /* Foundation.framework */ = {isa = PBXFileReference; lastKnownFileType = wrapper.framework; name = Foundation.framework; path = System/Library/Frameworks/Foundation.framework; sourceTree = SDKROOT; };
		CFBB413D19B92514002AE1A9 /* SensingKit-Prefix.pch */ = {isa = PBXFileReference; lastKnownFileType = sourcecode.c.h; path = "SensingKit-Prefix.pch"; sourceTree = "<group>"; };
		CFBB413E19B92514002AE1A9 /* SensingKitLib.h */ = {isa = PBXFileReference; lastKnownFileType = sourcecode.c.h; path = SensingKitLib.h; sourceTree = "<group>"; };
		CFBB414019B92514002AE1A9 /* SensingKitLib.m */ = {isa = PBXFileReference; lastKnownFileType = sourcecode.c.objc; path = SensingKitLib.m; sourceTree = "<group>"; };
		CFBB414619B92514002AE1A9 /* SensingKitTests.xctest */ = {isa = PBXFileReference; explicitFileType = wrapper.cfbundle; includeInIndex = 0; path = SensingKitTests.xctest; sourceTree = BUILT_PRODUCTS_DIR; };
		CFBB415119B92514002AE1A9 /* SensingKitTests-Info.plist */ = {isa = PBXFileReference; lastKnownFileType = text.plist.xml; path = "SensingKitTests-Info.plist"; sourceTree = "<group>"; };
		CFBB415319B92514002AE1A9 /* en */ = {isa = PBXFileReference; lastKnownFileType = text.plist.strings; name = en; path = en.lproj/InfoPlist.strings; sourceTree = "<group>"; };
		CFBB415519B92514002AE1A9 /* SensingKitTests.m */ = {isa = PBXFileReference; lastKnownFileType = sourcecode.c.objc; path = SensingKitTests.m; sourceTree = "<group>"; };
		CFBB415F19B928C2002AE1A9 /* SKBattery.h */ = {isa = PBXFileReference; fileEncoding = 4; lastKnownFileType = sourcecode.c.h; path = SKBattery.h; sourceTree = "<group>"; };
		CFBB416019B928C2002AE1A9 /* SKBattery.m */ = {isa = PBXFileReference; fileEncoding = 4; lastKnownFileType = sourcecode.c.objc; path = SKBattery.m; sourceTree = "<group>"; };
		CFBB416119B928C2002AE1A9 /* SKiBeaconProximity.h */ = {isa = PBXFileReference; fileEncoding = 4; lastKnownFileType = sourcecode.c.h; path = SKiBeaconProximity.h; sourceTree = "<group>"; };
		CFBB416219B928C2002AE1A9 /* SKiBeaconProximity.m */ = {isa = PBXFileReference; fileEncoding = 4; lastKnownFileType = sourcecode.c.objc; path = SKiBeaconProximity.m; sourceTree = "<group>"; };
		CFBB416319B928C2002AE1A9 /* SKLocation.h */ = {isa = PBXFileReference; fileEncoding = 4; lastKnownFileType = sourcecode.c.h; path = SKLocation.h; sourceTree = "<group>"; };
		CFBB416419B928C2002AE1A9 /* SKLocation.m */ = {isa = PBXFileReference; fileEncoding = 4; lastKnownFileType = sourcecode.c.objc; path = SKLocation.m; sourceTree = "<group>"; };
		CFBC059C1B9060A600B9CA6D /* SKSensorTimestamp.h */ = {isa = PBXFileReference; fileEncoding = 4; lastKnownFileType = sourcecode.c.h; path = SKSensorTimestamp.h; sourceTree = "<group>"; };
		CFBC059D1B9060A600B9CA6D /* SKSensorTimestamp.m */ = {isa = PBXFileReference; fileEncoding = 4; lastKnownFileType = sourcecode.c.objc; path = SKSensorTimestamp.m; sourceTree = "<group>"; };
		CFD450201B8738DC00E2E78D /* SKProximityData.h */ = {isa = PBXFileReference; fileEncoding = 4; lastKnownFileType = sourcecode.c.h; path = SKProximityData.h; sourceTree = "<group>"; };
		CFD450211B8738DC00E2E78D /* SKProximityData.m */ = {isa = PBXFileReference; fileEncoding = 4; lastKnownFileType = sourcecode.c.objc; path = SKProximityData.m; sourceTree = "<group>"; };
		CFD450231B875B5A00E2E78D /* NSString+SensorType.h */ = {isa = PBXFileReference; fileEncoding = 4; lastKnownFileType = sourcecode.c.h; path = "NSString+SensorType.h"; sourceTree = "<group>"; };
		CFD450241B875B5A00E2E78D /* NSString+SensorType.m */ = {isa = PBXFileReference; fileEncoding = 4; lastKnownFileType = sourcecode.c.objc; path = "NSString+SensorType.m"; sourceTree = "<group>"; };
		CFD4502C1B88D86500E2E78D /* ESSBeaconScanner.h */ = {isa = PBXFileReference; fileEncoding = 4; lastKnownFileType = sourcecode.c.h; path = ESSBeaconScanner.h; sourceTree = "<group>"; };
		CFD4502D1B88D86500E2E78D /* ESSBeaconScanner.m */ = {isa = PBXFileReference; fileEncoding = 4; lastKnownFileType = sourcecode.c.objc; path = ESSBeaconScanner.m; sourceTree = "<group>"; };
		CFD4502E1B88D86500E2E78D /* ESSEddystone.h */ = {isa = PBXFileReference; fileEncoding = 4; lastKnownFileType = sourcecode.c.h; path = ESSEddystone.h; sourceTree = "<group>"; };
		CFD4502F1B88D86500E2E78D /* ESSEddystone.m */ = {isa = PBXFileReference; fileEncoding = 4; lastKnownFileType = sourcecode.c.objc; path = ESSEddystone.m; sourceTree = "<group>"; };
		CFD450301B88D86500E2E78D /* ESSTimer.h */ = {isa = PBXFileReference; fileEncoding = 4; lastKnownFileType = sourcecode.c.h; path = ESSTimer.h; sourceTree = "<group>"; };
		CFD450311B88D86500E2E78D /* ESSTimer.m */ = {isa = PBXFileReference; fileEncoding = 4; lastKnownFileType = sourcecode.c.objc; path = ESSTimer.m; sourceTree = "<group>"; };
		CFD450351B88D8C600E2E78D /* SKEddystoneProximity.h */ = {isa = PBXFileReference; fileEncoding = 4; lastKnownFileType = sourcecode.c.h; path = SKEddystoneProximity.h; sourceTree = "<group>"; };
		CFD450361B88D8C600E2E78D /* SKEddystoneProximity.m */ = {isa = PBXFileReference; fileEncoding = 4; lastKnownFileType = sourcecode.c.objc; path = SKEddystoneProximity.m; sourceTree = "<group>"; };
		CFD450381B88D90A00E2E78D /* SKEddystoneProximityData.h */ = {isa = PBXFileReference; fileEncoding = 4; lastKnownFileType = sourcecode.c.h; path = SKEddystoneProximityData.h; sourceTree = "<group>"; };
		CFD450391B88D90A00E2E78D /* SKEddystoneProximityData.m */ = {isa = PBXFileReference; fileEncoding = 4; lastKnownFileType = sourcecode.c.objc; path = SKEddystoneProximityData.m; sourceTree = "<group>"; };
/* End PBXFileReference section */

/* Begin PBXFrameworksBuildPhase section */
		CFBB413319B92514002AE1A9 /* Frameworks */ = {
			isa = PBXFrameworksBuildPhase;
			buildActionMask = 2147483647;
			files = (
				CFB0D9421B525E6A00A7982B /* CoreMotion.framework in Frameworks */,
				CF8E9BD41B32EA04005AC2FC /* CoreBluetooth.framework in Frameworks */,
				CF8E9BD21B32E9D3005AC2FC /* CoreLocation.framework in Frameworks */,
				CF5298961A0CFC7A002A4D54 /* UIKit.framework in Frameworks */,
				CFBB413A19B92514002AE1A9 /* Foundation.framework in Frameworks */,
			);
			runOnlyForDeploymentPostprocessing = 0;
		};
		CFBB414319B92514002AE1A9 /* Frameworks */ = {
			isa = PBXFrameworksBuildPhase;
			buildActionMask = 2147483647;
			files = (
				CFB0D9431B525EDE00A7982B /* CoreMotion.framework in Frameworks */,
				CFBB414919B92514002AE1A9 /* Foundation.framework in Frameworks */,
				CFBB414E19B92514002AE1A9 /* libSensingKit.a in Frameworks */,
				CF11F8C01B2F769B0094C9DF /* CoreLocation.framework in Frameworks */,
			);
			runOnlyForDeploymentPostprocessing = 0;
		};
/* End PBXFrameworksBuildPhase section */

/* Begin PBXGroup section */
		CF11F8B41B2F4A910094C9DF /* SensorData */ = {
			isa = PBXGroup;
			children = (
				CFBC059C1B9060A600B9CA6D /* SKSensorTimestamp.h */,
				CFBC059D1B9060A600B9CA6D /* SKSensorTimestamp.m */,
				CF11F8861B2D8D370094C9DF /* SKSensorData.h */,
				CF11F8871B2D8D370094C9DF /* SKSensorData.m */,
				CFB0D9441B5268EF00A7982B /* SKAccelerometerData.h */,
				CFB0D9451B5268EF00A7982B /* SKAccelerometerData.m */,
				CFB0D9471B5268FC00A7982B /* SKGyroscopeData.h */,
				CFB0D9481B5268FC00A7982B /* SKGyroscopeData.m */,
				CFB0D94A1B52690500A7982B /* SKMagnetometerData.h */,
				CFB0D94B1B52690500A7982B /* SKMagnetometerData.m */,
				CFB0D94D1B52698C00A7982B /* SKDeviceMotionData.h */,
				CFB0D94E1B52698C00A7982B /* SKDeviceMotionData.m */,
				CFB0D9501B52699700A7982B /* SKActivityData.h */,
				CFB0D9511B52699700A7982B /* SKActivityData.m */,
				CF1DFA161B8C821000D7B182 /* SKPedometerData.h */,
				CF1DFA171B8C821000D7B182 /* SKPedometerData.m */,
				CF1DFA1D1B8CC01900D7B182 /* SKAltimeterData.h */,
				CF1DFA1E1B8CC01900D7B182 /* SKAltimeterData.m */,
				CF11F8B71B2F4B0E0094C9DF /* SKBatteryData.h */,
				CF11F8B81B2F4B0E0094C9DF /* SKBatteryData.m */,
				CF11F8C11B2F77940094C9DF /* SKLocationData.h */,
				CF11F8C21B2F77940094C9DF /* SKLocationData.m */,
				CFD450201B8738DC00E2E78D /* SKProximityData.h */,
				CFD450211B8738DC00E2E78D /* SKProximityData.m */,
				CF8E9BCE1B3200E7005AC2FC /* SKiBeaconDeviceData.h */,
				CF8E9BCF1B3200E7005AC2FC /* SKiBeaconDeviceData.m */,
				CFD450381B88D90A00E2E78D /* SKEddystoneProximityData.h */,
				CFD450391B88D90A00E2E78D /* SKEddystoneProximityData.m */,
				CF960F4D1B9B818600F989EA /* SKMicrophoneData.h */,
				CF960F4E1B9B818600F989EA /* SKMicrophoneData.m */,
			);
			name = SensorData;
			sourceTree = "<group>";
		};
		CF960F1C1B99CC5A00F989EA /* SensorConfiguration */ = {
			isa = PBXGroup;
			children = (
				CF960F191B99CC5200F989EA /* SKConfiguration.h */,
				CF960F1A1B99CC5200F989EA /* SKConfiguration.m */,
				CF432D0B1BA98ACD00588CC3 /* SKSampleRateConfiguration.h */,
				CF432D0C1BA98ACD00588CC3 /* SKSampleRateConfiguration.m */,
				CF960F1E1B99D13100F989EA /* SKAccelerometerConfiguration.h */,
				CF960F1F1B99D13100F989EA /* SKAccelerometerConfiguration.m */,
				CF960F211B9A06A700F989EA /* SKGyroscopeConfiguration.h */,
				CF960F221B9A06A700F989EA /* SKGyroscopeConfiguration.m */,
				CF960F241B9A06B800F989EA /* SKMagnetometerConfiguration.h */,
				CF960F251B9A06B800F989EA /* SKMagnetometerConfiguration.m */,
				CF960F271B9A06CA00F989EA /* SKDeviceMotionConfiguration.h */,
				CF960F281B9A06CA00F989EA /* SKDeviceMotionConfiguration.m */,
				CF960F2A1B9A06D400F989EA /* SKActivityConfiguration.h */,
				CF960F2B1B9A06D400F989EA /* SKActivityConfiguration.m */,
				CF960F2D1B9A06DD00F989EA /* SKPedometerConfiguration.h */,
				CF960F2E1B9A06DD00F989EA /* SKPedometerConfiguration.m */,
				CF960F301B9A06E600F989EA /* SKAltimeterConfiguration.h */,
				CF960F311B9A06E600F989EA /* SKAltimeterConfiguration.m */,
				CF960F331B9A06EF00F989EA /* SKBatteryConfiguration.h */,
				CF960F341B9A06EF00F989EA /* SKBatteryConfiguration.m */,
				CF960F361B9A06FA00F989EA /* SKLocationConfiguration.h */,
				CF960F371B9A06FA00F989EA /* SKLocationConfiguration.m */,
				CF960F391B9A070100F989EA /* SKiBeaconProximityConfiguration.h */,
				CF960F3A1B9A070100F989EA /* SKiBeaconProximityConfiguration.m */,
				CF960F3C1B9A070800F989EA /* SKEddystoneProximityConfiguration.h */,
				CF960F3D1B9A070800F989EA /* SKEddystoneProximityConfiguration.m */,
				CF960F501B9B81A600F989EA /* SKMicrophoneConfiguration.h */,
				CF960F511B9B81A600F989EA /* SKMicrophoneConfiguration.m */,
			);
			name = SensorConfiguration;
			sourceTree = "<group>";
		};
		CFBB412D19B92514002AE1A9 = {
			isa = PBXGroup;
			children = (
				CFD4502B1B88D86500E2E78D /* ESSEddystone */,
				CFBB413B19B92514002AE1A9 /* SensingKit */,
				CFBB414F19B92514002AE1A9 /* SensingKitTests */,
				CFBB413819B92514002AE1A9 /* Frameworks */,
				CFBB413719B92514002AE1A9 /* Products */,
			);
			sourceTree = "<group>";
		};
		CFBB413719B92514002AE1A9 /* Products */ = {
			isa = PBXGroup;
			children = (
				CFBB413619B92514002AE1A9 /* libSensingKit.a */,
				CFBB414619B92514002AE1A9 /* SensingKitTests.xctest */,
			);
			name = Products;
			sourceTree = "<group>";
		};
		CFBB413819B92514002AE1A9 /* Frameworks */ = {
			isa = PBXGroup;
			children = (
				CF5298951A0CFC7A002A4D54 /* UIKit.framework */,
				CFBB413919B92514002AE1A9 /* Foundation.framework */,
				CF8E9BD31B32EA04005AC2FC /* CoreBluetooth.framework */,
				CF11F8BE1B2F76160094C9DF /* CoreLocation.framework */,
				CFB0D9411B525E6A00A7982B /* CoreMotion.framework */,
			);
			name = Frameworks;
			sourceTree = "<group>";
		};
		CFBB413B19B92514002AE1A9 /* SensingKit */ = {
			isa = PBXGroup;
			children = (
				CFBB416B19B928CF002AE1A9 /* Sensors */,
				CF11F8B41B2F4A910094C9DF /* SensorData */,
				CF960F1C1B99CC5A00F989EA /* SensorConfiguration */,
				CF11F87F1B2C688B0094C9DF /* SKSensorType.h */,
				CFD450231B875B5A00E2E78D /* NSString+SensorType.h */,
				CFD450241B875B5A00E2E78D /* NSString+SensorType.m */,
				CF11F8801B2C6D7D0094C9DF /* SKSensorManager.h */,
				CF11F8811B2C6D7D0094C9DF /* SKSensorManager.m */,
				CFBB413E19B92514002AE1A9 /* SensingKitLib.h */,
				CFBB414019B92514002AE1A9 /* SensingKitLib.m */,
				CF11F8891B2D909F0094C9DF /* SKSensorDataHandler.h */,
				CFBB413C19B92514002AE1A9 /* Supporting Files */,
			);
			path = SensingKit;
			sourceTree = "<group>";
		};
		CFBB413C19B92514002AE1A9 /* Supporting Files */ = {
			isa = PBXGroup;
			children = (
				CFBB413D19B92514002AE1A9 /* SensingKit-Prefix.pch */,
			);
			name = "Supporting Files";
			sourceTree = "<group>";
		};
		CFBB414F19B92514002AE1A9 /* SensingKitTests */ = {
			isa = PBXGroup;
			children = (
				CFBB415519B92514002AE1A9 /* SensingKitTests.m */,
				CFBB415019B92514002AE1A9 /* Supporting Files */,
			);
			path = SensingKitTests;
			sourceTree = "<group>";
		};
		CFBB415019B92514002AE1A9 /* Supporting Files */ = {
			isa = PBXGroup;
			children = (
				CFBB415119B92514002AE1A9 /* SensingKitTests-Info.plist */,
				CFBB415219B92514002AE1A9 /* InfoPlist.strings */,
			);
			name = "Supporting Files";
			sourceTree = "<group>";
		};
		CFBB416B19B928CF002AE1A9 /* Sensors */ = {
			isa = PBXGroup;
			children = (
				CF11F8831B2C7CFE0094C9DF /* SKAbstractSensor.h */,
				CF11F8841B2C7CFE0094C9DF /* SKAbstractSensor.m */,
				CFB0D9381B4FF7E000A7982B /* SKMotionManager.h */,
				CFB0D9391B4FF7E000A7982B /* SKMotionManager.m */,
				CFB0D9351B4FEE7900A7982B /* SKAccelerometer.h */,
				CFB0D9361B4FEE7900A7982B /* SKAccelerometer.m */,
				CFB0D93B1B4FFA1D00A7982B /* SKGyroscope.h */,
				CFB0D93C1B4FFA1D00A7982B /* SKGyroscope.m */,
				CFB0D93E1B4FFA2700A7982B /* SKMagnetometer.h */,
				CFB0D93F1B4FFA2700A7982B /* SKMagnetometer.m */,
				CFB0D9531B5269AF00A7982B /* SKDeviceMotion.h */,
				CFB0D9541B5269AF00A7982B /* SKDeviceMotion.m */,
				CFB0D9561B5269BD00A7982B /* SKActivity.h */,
				CFB0D9571B5269BD00A7982B /* SKActivity.m */,
				CF1DFA131B8C7F1E00D7B182 /* SKPedometer.h */,
				CF1DFA141B8C7F1E00D7B182 /* SKPedometer.m */,
				CF1DFA1A1B8CBE5500D7B182 /* SKAltimeter.h */,
				CF1DFA1B1B8CBE5500D7B182 /* SKAltimeter.m */,
				CFBB415F19B928C2002AE1A9 /* SKBattery.h */,
				CFBB416019B928C2002AE1A9 /* SKBattery.m */,
				CFBB416319B928C2002AE1A9 /* SKLocation.h */,
				CFBB416419B928C2002AE1A9 /* SKLocation.m */,
				CFBB416119B928C2002AE1A9 /* SKiBeaconProximity.h */,
				CFBB416219B928C2002AE1A9 /* SKiBeaconProximity.m */,
				CFD450351B88D8C600E2E78D /* SKEddystoneProximity.h */,
				CFD450361B88D8C600E2E78D /* SKEddystoneProximity.m */,
				CF960F4A1B9B816F00F989EA /* SKMicrophone.h */,
				CF960F4B1B9B816F00F989EA /* SKMicrophone.m */,
			);
			name = Sensors;
			sourceTree = "<group>";
		};
		CFD4502B1B88D86500E2E78D /* ESSEddystone */ = {
			isa = PBXGroup;
			children = (
				CFD4502C1B88D86500E2E78D /* ESSBeaconScanner.h */,
				CFD4502D1B88D86500E2E78D /* ESSBeaconScanner.m */,
				CFD4502E1B88D86500E2E78D /* ESSEddystone.h */,
				CFD4502F1B88D86500E2E78D /* ESSEddystone.m */,
				CFD450301B88D86500E2E78D /* ESSTimer.h */,
				CFD450311B88D86500E2E78D /* ESSTimer.m */,
			);
			path = ESSEddystone;
			sourceTree = "<group>";
		};
/* End PBXGroup section */

/* Begin PBXNativeTarget section */
		CFBB413519B92514002AE1A9 /* SensingKit */ = {
			isa = PBXNativeTarget;
			buildConfigurationList = CFBB415919B92514002AE1A9 /* Build configuration list for PBXNativeTarget "SensingKit" */;
			buildPhases = (
				CFBB413219B92514002AE1A9 /* Sources */,
				CFBB413319B92514002AE1A9 /* Frameworks */,
				CFBB413419B92514002AE1A9 /* CopyFiles */,
				CF52989C1A0D68F3002A4D54 /* Build Framework */,
			);
			buildRules = (
			);
			dependencies = (
			);
			name = SensingKit;
			productName = SensingKit;
			productReference = CFBB413619B92514002AE1A9 /* libSensingKit.a */;
			productType = "com.apple.product-type.library.static";
		};
		CFBB414519B92514002AE1A9 /* SensingKitTests */ = {
			isa = PBXNativeTarget;
			buildConfigurationList = CFBB415C19B92514002AE1A9 /* Build configuration list for PBXNativeTarget "SensingKitTests" */;
			buildPhases = (
				CFBB414219B92514002AE1A9 /* Sources */,
				CFBB414319B92514002AE1A9 /* Frameworks */,
				CFBB414419B92514002AE1A9 /* Resources */,
			);
			buildRules = (
			);
			dependencies = (
				CFBB414D19B92514002AE1A9 /* PBXTargetDependency */,
			);
			name = SensingKitTests;
			productName = SensingKitTests;
			productReference = CFBB414619B92514002AE1A9 /* SensingKitTests.xctest */;
			productType = "com.apple.product-type.bundle.unit-test";
		};
/* End PBXNativeTarget section */

/* Begin PBXProject section */
		CFBB412E19B92514002AE1A9 /* Project object */ = {
			isa = PBXProject;
			attributes = {
				CLASSPREFIX = SK;
				LastUpgradeCheck = 0700;
				ORGANIZATIONNAME = "Queen Mary University of London";
				TargetAttributes = {
					CF52989D1A0D6DED002A4D54 = {
						CreatedOnToolsVersion = 6.1;
					};
					CFBDACD31BB95F46000C87AB = {
						CreatedOnToolsVersion = 7.0;
					};
				};
			};
			buildConfigurationList = CFBB413119B92514002AE1A9 /* Build configuration list for PBXProject "SensingKit" */;
			compatibilityVersion = "Xcode 6.3";
			developmentRegion = English;
			hasScannedForEncodings = 0;
			knownRegions = (
				en,
				Base,
			);
			mainGroup = CFBB412D19B92514002AE1A9;
			productRefGroup = CFBB413719B92514002AE1A9 /* Products */;
			projectDirPath = "";
			projectRoot = "";
			targets = (
				CFBB413519B92514002AE1A9 /* SensingKit */,
				CFBB414519B92514002AE1A9 /* SensingKitTests */,
				CF52989D1A0D6DED002A4D54 /* Framework */,
				CFBDACD31BB95F46000C87AB /* Documentation */,
			);
		};
/* End PBXProject section */

/* Begin PBXResourcesBuildPhase section */
		CFBB414419B92514002AE1A9 /* Resources */ = {
			isa = PBXResourcesBuildPhase;
			buildActionMask = 2147483647;
			files = (
				CFBB415419B92514002AE1A9 /* InfoPlist.strings in Resources */,
			);
			runOnlyForDeploymentPostprocessing = 0;
		};
/* End PBXResourcesBuildPhase section */

/* Begin PBXShellScriptBuildPhase section */
		CF52989C1A0D68F3002A4D54 /* Build Framework */ = {
			isa = PBXShellScriptBuildPhase;
			buildActionMask = 2147483647;
			files = (
			);
			inputPaths = (
			);
			name = "Build Framework";
			outputPaths = (
			);
			runOnlyForDeploymentPostprocessing = 0;
			shellPath = /bin/sh;
			shellScript = "# Copyright (c) Sam Davies on April 28, 2014\n# http://www.raywenderlich.com/65964/create-a-framework-for-ios\n\nset -e\n\nexport FRAMEWORK_LOCN=\"${BUILT_PRODUCTS_DIR}/${PRODUCT_NAME}.framework\"\n\n# Create the path to the real Headers die\nmkdir -p \"${FRAMEWORK_LOCN}/Versions/A/Headers\"\n\n# Create the required symlinks\n/bin/ln -sfh A \"${FRAMEWORK_LOCN}/Versions/Current\"\n/bin/ln -sfh Versions/Current/Headers \"${FRAMEWORK_LOCN}/Headers\"\n/bin/ln -sfh \"Versions/Current/${PRODUCT_NAME}\" \\\n\"${FRAMEWORK_LOCN}/${PRODUCT_NAME}\"\n\n# Copy the public headers into the framework\n/bin/cp -a \"${TARGET_BUILD_DIR}/${PUBLIC_HEADERS_FOLDER_PATH}/\" \\\n\"${FRAMEWORK_LOCN}/Versions/A/Headers\"";
		};
		CF5298A31A0D6EC8002A4D54 /* MultiPlatform Build */ = {
			isa = PBXShellScriptBuildPhase;
			buildActionMask = 2147483647;
			files = (
			);
			inputPaths = (
			);
			name = "MultiPlatform Build";
			outputPaths = (
			);
			runOnlyForDeploymentPostprocessing = 0;
			shellPath = /bin/sh;
			shellScript = "# Copyright (c) Sam Davies on April 28, 2014\n# http://www.raywenderlich.com/65964/create-a-framework-for-ios\n\nset -e\n\n# If we're already inside this script then die\nif [ -n \"$RW_MULTIPLATFORM_BUILD_IN_PROGRESS\" ]; then\nexit 0\nfi\nexport RW_MULTIPLATFORM_BUILD_IN_PROGRESS=1\n\nRW_FRAMEWORK_NAME=${PROJECT_NAME}\nRW_INPUT_STATIC_LIB=\"lib${PROJECT_NAME}.a\"\nRW_FRAMEWORK_LOCATION=\"${BUILT_PRODUCTS_DIR}/${RW_FRAMEWORK_NAME}.framework\"\n\nfunction build_static_library {\n    # Will rebuild the static library as specified\n    #     build_static_library sdk\n    xcrun xcodebuild -project \"${PROJECT_FILE_PATH}\" \\\n    -target \"${TARGET_NAME}\" \\\n    -configuration \"${CONFIGURATION}\" \\\n    -sdk \"${1}\" \\\n    ONLY_ACTIVE_ARCH=NO \\\n    BUILD_DIR=\"${BUILD_DIR}\" \\\n    OBJROOT=\"${OBJROOT}\" \\\n    BUILD_ROOT=\"${BUILD_ROOT}\" \\\n    SYMROOT=\"${SYMROOT}\" $ACTION\n}\n\nfunction make_fat_library {\n    # Will smash 2 static libs together\n    #     make_fat_library in1 in2 out\n    xcrun lipo -create \"${1}\" \"${2}\" -output \"${3}\"\n}\n\n# 1 - Extract the platform (iphoneos/iphonesimulator) from the SDK name\nif [[ \"$SDK_NAME\" =~ ([A-Za-z]+) ]]; then\nRW_SDK_PLATFORM=${BASH_REMATCH[1]}\nelse\necho \"Could not find platform name from SDK_NAME: $SDK_NAME\"\nexit 1\nfi\n\n# 2 - Extract the version from the SDK\nif [[ \"$SDK_NAME\" =~ ([0-9]+.*$) ]]; then\nRW_SDK_VERSION=${BASH_REMATCH[1]}\nelse\necho \"Could not find sdk version from SDK_NAME: $SDK_NAME\"\nexit 1\nfi\n\n# 3 - Determine the other platform\nif [ \"$RW_SDK_PLATFORM\" == \"iphoneos\" ]; then\nRW_OTHER_PLATFORM=iphonesimulator\nelse\nRW_OTHER_PLATFORM=iphoneos\nfi\n\n# 4 - Find the build directory\nif [[ \"$BUILT_PRODUCTS_DIR\" =~ (.*)$RW_SDK_PLATFORM$ ]]; then\nRW_OTHER_BUILT_PRODUCTS_DIR=\"${BASH_REMATCH[1]}${RW_OTHER_PLATFORM}\"\nelse\necho \"Could not find other platform build directory.\"\nexit 1\nfi\n\n# Build the other platform.\nbuild_static_library \"${RW_OTHER_PLATFORM}${RW_SDK_VERSION}\"\n\n# If we're currently building for iphonesimulator, then need to rebuild\n#   to ensure that we get both i386 and x86_64\nif [ \"$RW_SDK_PLATFORM\" == \"iphonesimulator\" ]; then\nbuild_static_library \"${SDK_NAME}\"\nfi\n\n# Join the 2 static libs into 1 and push into the .framework\nmake_fat_library \"${BUILT_PRODUCTS_DIR}/${RW_INPUT_STATIC_LIB}\" \\\n\"${RW_OTHER_BUILT_PRODUCTS_DIR}/${RW_INPUT_STATIC_LIB}\" \\\n\"${RW_FRAMEWORK_LOCATION}/Versions/A/${RW_FRAMEWORK_NAME}\"\n\n# Ensure that the framework is present in both platform's build directories\ncp -a \"${RW_FRAMEWORK_LOCATION}/Versions/A/${RW_FRAMEWORK_NAME}\" \\\n\"${RW_OTHER_BUILT_PRODUCTS_DIR}/${RW_FRAMEWORK_NAME}.framework/Versions/A/${RW_FRAMEWORK_NAME}\"\n\n# Copy the framework to the user's desktop\nditto \"${RW_FRAMEWORK_LOCATION}\" \"${HOME}/Desktop/${RW_FRAMEWORK_NAME}.framework\"";
		};
		CFBDACD81BB95F8E000C87AB /* Build Documentation */ = {
			isa = PBXShellScriptBuildPhase;
			buildActionMask = 2147483647;
			files = (
			);
			inputPaths = (
			);
			name = "Build Documentation";
			outputPaths = (
			);
			runOnlyForDeploymentPostprocessing = 0;
			shellPath = /bin/sh;
			shellScript = "#appledoc Xcode script\n# Start constants\ncompany=\"Queen Mary University of London\";\ncompanyID=\"org.sensingkit\";\ncompanyURL=\"http://www.sensingkit.com\";\ntarget=\"iphoneos\";\noutputPath=\"${PROJECT_DIR}/Documentation\";\n# End constants\n\n/usr/local/bin/appledoc \\\n--project-name \"${PROJECT_NAME}\" \\\n--project-company \"${company}\" \\\n--company-id \"${companyID}\" \\\n--output \"${outputPath}\" \\\n--ignore ESSEddystone \\\n--ignore .m \\\n--docset-platform-family \"${target}\" \\\n--logformat xcode \\\n--keep-intermediate-files \\\n--no-repeat-first-par \\\n--no-warn-invalid-crossref \\\n--exit-threshold 2 \\\n\"${PROJECT_DIR}\"";
		};
/* End PBXShellScriptBuildPhase section */

/* Begin PBXSourcesBuildPhase section */
		CFBB413219B92514002AE1A9 /* Sources */ = {
			isa = PBXSourcesBuildPhase;
			buildActionMask = 2147483647;
			files = (
				CF960F2C1B9A06D400F989EA /* SKActivityConfiguration.m in Sources */,
				CFB0D9461B5268EF00A7982B /* SKAccelerometerData.m in Sources */,
				CF11F8C31B2F77940094C9DF /* SKLocationData.m in Sources */,
				CFD450251B875B5A00E2E78D /* NSString+SensorType.m in Sources */,
				CFB0D9401B4FFA2700A7982B /* SKMagnetometer.m in Sources */,
				CFB0D9491B5268FC00A7982B /* SKGyroscopeData.m in Sources */,
				CFD4503A1B88D90A00E2E78D /* SKEddystoneProximityData.m in Sources */,
				CF960F231B9A06A700F989EA /* SKGyroscopeConfiguration.m in Sources */,
				CFD450341B88D86500E2E78D /* ESSTimer.m in Sources */,
				CFBB416919B928C2002AE1A9 /* SKLocation.m in Sources */,
				CFD450371B88D8C600E2E78D /* SKEddystoneProximity.m in Sources */,
				CFB0D93D1B4FFA1D00A7982B /* SKGyroscope.m in Sources */,
				CF960F351B9A06EF00F989EA /* SKBatteryConfiguration.m in Sources */,
				CFBB416819B928C2002AE1A9 /* SKiBeaconProximity.m in Sources */,
				CFBC059E1B9060A600B9CA6D /* SKSensorTimestamp.m in Sources */,
				CF1DFA1F1B8CC01900D7B182 /* SKAltimeterData.m in Sources */,
				CF1DFA151B8C7F1E00D7B182 /* SKPedometer.m in Sources */,
				CF960F201B99D13100F989EA /* SKAccelerometerConfiguration.m in Sources */,
				CF8E9BD01B3200E7005AC2FC /* SKiBeaconDeviceData.m in Sources */,
				CF960F261B9A06B800F989EA /* SKMagnetometerConfiguration.m in Sources */,
				CFB0D94C1B52690500A7982B /* SKMagnetometerData.m in Sources */,
				CF432D0D1BA98ACD00588CC3 /* SKSampleRateConfiguration.m in Sources */,
				CF960F1B1B99CC5200F989EA /* SKConfiguration.m in Sources */,
				CFD450321B88D86500E2E78D /* ESSBeaconScanner.m in Sources */,
				CFB0D94F1B52698C00A7982B /* SKDeviceMotionData.m in Sources */,
				CFB0D93A1B4FF7E000A7982B /* SKMotionManager.m in Sources */,
				CF960F4F1B9B818600F989EA /* SKMicrophoneData.m in Sources */,
				CF960F2F1B9A06DD00F989EA /* SKPedometerConfiguration.m in Sources */,
				CF1DFA181B8C821000D7B182 /* SKPedometerData.m in Sources */,
				CF11F8B91B2F4B0E0094C9DF /* SKBatteryData.m in Sources */,
				CF11F8821B2C6D7D0094C9DF /* SKSensorManager.m in Sources */,
				CFBB414119B92514002AE1A9 /* SensingKitLib.m in Sources */,
				CFD450331B88D86500E2E78D /* ESSEddystone.m in Sources */,
				CF960F521B9B81A600F989EA /* SKMicrophoneConfiguration.m in Sources */,
				CF11F8881B2D8D370094C9DF /* SKSensorData.m in Sources */,
				CFB0D9581B5269BD00A7982B /* SKActivity.m in Sources */,
				CFB0D9551B5269AF00A7982B /* SKDeviceMotion.m in Sources */,
				CFB0D9521B52699700A7982B /* SKActivityData.m in Sources */,
				CF960F4C1B9B816F00F989EA /* SKMicrophone.m in Sources */,
				CF960F321B9A06E600F989EA /* SKAltimeterConfiguration.m in Sources */,
				CF960F291B9A06CA00F989EA /* SKDeviceMotionConfiguration.m in Sources */,
				CFBB416719B928C2002AE1A9 /* SKBattery.m in Sources */,
				CF960F3B1B9A070100F989EA /* SKiBeaconProximityConfiguration.m in Sources */,
				CF960F381B9A06FA00F989EA /* SKLocationConfiguration.m in Sources */,
				CF11F8851B2C7CFE0094C9DF /* SKAbstractSensor.m in Sources */,
				CFB0D9371B4FEE7900A7982B /* SKAccelerometer.m in Sources */,
				CF960F3E1B9A070800F989EA /* SKEddystoneProximityConfiguration.m in Sources */,
				CF1DFA1C1B8CBE5500D7B182 /* SKAltimeter.m in Sources */,
				CFD450221B8738DC00E2E78D /* SKProximityData.m in Sources */,
			);
			runOnlyForDeploymentPostprocessing = 0;
		};
		CFBB414219B92514002AE1A9 /* Sources */ = {
			isa = PBXSourcesBuildPhase;
			buildActionMask = 2147483647;
			files = (
				CFBB415619B92514002AE1A9 /* SensingKitTests.m in Sources */,
			);
			runOnlyForDeploymentPostprocessing = 0;
		};
/* End PBXSourcesBuildPhase section */

/* Begin PBXTargetDependency section */
		CF5298A21A0D6EB0002A4D54 /* PBXTargetDependency */ = {
			isa = PBXTargetDependency;
			target = CFBB413519B92514002AE1A9 /* SensingKit */;
			targetProxy = CF5298A11A0D6EB0002A4D54 /* PBXContainerItemProxy */;
		};
		CFBB414D19B92514002AE1A9 /* PBXTargetDependency */ = {
			isa = PBXTargetDependency;
			target = CFBB413519B92514002AE1A9 /* SensingKit */;
			targetProxy = CFBB414C19B92514002AE1A9 /* PBXContainerItemProxy */;
		};
/* End PBXTargetDependency section */

/* Begin PBXVariantGroup section */
		CFBB415219B92514002AE1A9 /* InfoPlist.strings */ = {
			isa = PBXVariantGroup;
			children = (
				CFBB415319B92514002AE1A9 /* en */,
			);
			name = InfoPlist.strings;
			sourceTree = "<group>";
		};
/* End PBXVariantGroup section */

/* Begin XCBuildConfiguration section */
		CF52989F1A0D6DED002A4D54 /* Debug */ = {
			isa = XCBuildConfiguration;
			buildSettings = {
				OTHER_CFLAGS = "";
				PRODUCT_NAME = "$(TARGET_NAME)";
			};
			name = Debug;
		};
		CF5298A01A0D6DED002A4D54 /* Release */ = {
			isa = XCBuildConfiguration;
			buildSettings = {
				OTHER_CFLAGS = "";
				PRODUCT_NAME = "$(TARGET_NAME)";
			};
			name = Release;
		};
		CFBB415719B92514002AE1A9 /* Debug */ = {
			isa = XCBuildConfiguration;
			buildSettings = {
				ALWAYS_SEARCH_USER_PATHS = NO;
				CLANG_CXX_LANGUAGE_STANDARD = "gnu++0x";
				CLANG_CXX_LIBRARY = "libc++";
				CLANG_ENABLE_MODULES = YES;
				CLANG_ENABLE_OBJC_ARC = YES;
				CLANG_WARN_BOOL_CONVERSION = YES;
				CLANG_WARN_CONSTANT_CONVERSION = YES;
				CLANG_WARN_DIRECT_OBJC_ISA_USAGE = YES_ERROR;
				CLANG_WARN_EMPTY_BODY = YES;
				CLANG_WARN_ENUM_CONVERSION = YES;
				CLANG_WARN_INT_CONVERSION = YES;
				CLANG_WARN_OBJC_ROOT_CLASS = YES_ERROR;
				CLANG_WARN__DUPLICATE_METHOD_MATCH = YES;
				COPY_PHASE_STRIP = NO;
				ENABLE_TESTABILITY = YES;
				GCC_C_LANGUAGE_STANDARD = gnu99;
				GCC_DYNAMIC_NO_PIC = NO;
				GCC_OPTIMIZATION_LEVEL = 0;
				GCC_PREPROCESSOR_DEFINITIONS = (
					"DEBUG=1",
					"$(inherited)",
				);
				GCC_SYMBOLS_PRIVATE_EXTERN = NO;
				GCC_WARN_64_TO_32_BIT_CONVERSION = YES;
				GCC_WARN_ABOUT_RETURN_TYPE = YES_ERROR;
				GCC_WARN_UNDECLARED_SELECTOR = YES;
				GCC_WARN_UNINITIALIZED_AUTOS = YES_AGGRESSIVE;
				GCC_WARN_UNUSED_FUNCTION = YES;
				GCC_WARN_UNUSED_VARIABLE = YES;
				IPHONEOS_DEPLOYMENT_TARGET = 7.0;
				ONLY_ACTIVE_ARCH = YES;
				SDKROOT = iphoneos;
			};
			name = Debug;
		};
		CFBB415819B92514002AE1A9 /* Release */ = {
			isa = XCBuildConfiguration;
			buildSettings = {
				ALWAYS_SEARCH_USER_PATHS = NO;
				CLANG_CXX_LANGUAGE_STANDARD = "gnu++0x";
				CLANG_CXX_LIBRARY = "libc++";
				CLANG_ENABLE_MODULES = YES;
				CLANG_ENABLE_OBJC_ARC = YES;
				CLANG_WARN_BOOL_CONVERSION = YES;
				CLANG_WARN_CONSTANT_CONVERSION = YES;
				CLANG_WARN_DIRECT_OBJC_ISA_USAGE = YES_ERROR;
				CLANG_WARN_EMPTY_BODY = YES;
				CLANG_WARN_ENUM_CONVERSION = YES;
				CLANG_WARN_INT_CONVERSION = YES;
				CLANG_WARN_OBJC_ROOT_CLASS = YES_ERROR;
				CLANG_WARN__DUPLICATE_METHOD_MATCH = YES;
				COPY_PHASE_STRIP = YES;
				ENABLE_NS_ASSERTIONS = NO;
				GCC_C_LANGUAGE_STANDARD = gnu99;
				GCC_WARN_64_TO_32_BIT_CONVERSION = YES;
				GCC_WARN_ABOUT_RETURN_TYPE = YES_ERROR;
				GCC_WARN_UNDECLARED_SELECTOR = YES;
				GCC_WARN_UNINITIALIZED_AUTOS = YES_AGGRESSIVE;
				GCC_WARN_UNUSED_FUNCTION = YES;
				GCC_WARN_UNUSED_VARIABLE = YES;
				IPHONEOS_DEPLOYMENT_TARGET = 7.0;
				SDKROOT = iphoneos;
				VALIDATE_PRODUCT = YES;
			};
			name = Release;
		};
		CFBB415A19B92514002AE1A9 /* Debug */ = {
			isa = XCBuildConfiguration;
			buildSettings = {
				DEAD_CODE_STRIPPING = NO;
				DSTROOT = /tmp/SensingKit.dst;
				FRAMEWORK_SEARCH_PATHS = (
					"$(inherited)",
					"$(PROJECT_DIR)",
				);
				GCC_PRECOMPILE_PREFIX_HEADER = YES;
				GCC_PREFIX_HEADER = "SensingKit/SensingKit-Prefix.pch";
				OTHER_CFLAGS = "-fembed-bitcode";
				OTHER_LDFLAGS = "-ObjC";
				PRODUCT_NAME = "$(TARGET_NAME)";
				PUBLIC_HEADERS_FOLDER_PATH = "include/$(PROJECT_NAME)";
				SKIP_INSTALL = YES;
				STRIP_STYLE = "non-global";
			};
			name = Debug;
		};
		CFBB415B19B92514002AE1A9 /* Release */ = {
			isa = XCBuildConfiguration;
			buildSettings = {
				COPY_PHASE_STRIP = NO;
				DEAD_CODE_STRIPPING = NO;
				DSTROOT = /tmp/SensingKit.dst;
				FRAMEWORK_SEARCH_PATHS = (
					"$(inherited)",
					"$(PROJECT_DIR)",
				);
				GCC_PRECOMPILE_PREFIX_HEADER = YES;
				GCC_PREFIX_HEADER = "SensingKit/SensingKit-Prefix.pch";
				OTHER_CFLAGS = "-fembed-bitcode";
				OTHER_LDFLAGS = "-ObjC";
				PRODUCT_NAME = "$(TARGET_NAME)";
				PUBLIC_HEADERS_FOLDER_PATH = "include/$(PROJECT_NAME)";
				SKIP_INSTALL = YES;
				STRIP_STYLE = "non-global";
			};
			name = Release;
		};
		CFBB415D19B92514002AE1A9 /* Debug */ = {
			isa = XCBuildConfiguration;
			buildSettings = {
				CODE_SIGN_IDENTITY = "iPhone Developer";
				FRAMEWORK_SEARCH_PATHS = (
					"$(inherited)",
					"$(DEVELOPER_FRAMEWORKS_DIR)",
				);
				GCC_PRECOMPILE_PREFIX_HEADER = YES;
				GCC_PREFIX_HEADER = "SensingKit/SensingKit-Prefix.pch";
				GCC_PREPROCESSOR_DEFINITIONS = (
					"DEBUG=1",
					"$(inherited)",
				);
				INFOPLIST_FILE = "SensingKitTests/SensingKitTests-Info.plist";
				OTHER_LDFLAGS = (
					"$(inherited)",
					"-framework",
					XCTest,
					"-ObjC",
				);
				PRODUCT_BUNDLE_IDENTIFIER = "org.sensingkit.${PRODUCT_NAME:rfc1034identifier}";
				PRODUCT_NAME = "$(TARGET_NAME)";
				WRAPPER_EXTENSION = xctest;
			};
			name = Debug;
		};
		CFBB415E19B92514002AE1A9 /* Release */ = {
			isa = XCBuildConfiguration;
			buildSettings = {
				CODE_SIGN_IDENTITY = "iPhone Developer";
				FRAMEWORK_SEARCH_PATHS = (
					"$(inherited)",
					"$(DEVELOPER_FRAMEWORKS_DIR)",
				);
				GCC_PRECOMPILE_PREFIX_HEADER = YES;
				GCC_PREFIX_HEADER = "SensingKit/SensingKit-Prefix.pch";
				INFOPLIST_FILE = "SensingKitTests/SensingKitTests-Info.plist";
				OTHER_LDFLAGS = (
					"$(inherited)",
					"-framework",
					XCTest,
					"-ObjC",
				);
				PRODUCT_BUNDLE_IDENTIFIER = "org.sensingkit.${PRODUCT_NAME:rfc1034identifier}";
				PRODUCT_NAME = "$(TARGET_NAME)";
				WRAPPER_EXTENSION = xctest;
			};
			name = Release;
		};
		CFBDACD41BB95F46000C87AB /* Debug */ = {
			isa = XCBuildConfiguration;
			buildSettings = {
				PRODUCT_NAME = "$(TARGET_NAME)";
			};
			name = Debug;
		};
		CFBDACD51BB95F46000C87AB /* Release */ = {
			isa = XCBuildConfiguration;
			buildSettings = {
				PRODUCT_NAME = "$(TARGET_NAME)";
			};
			name = Release;
		};
/* End XCBuildConfiguration section */

/* Begin XCConfigurationList section */
		CF52989E1A0D6DED002A4D54 /* Build configuration list for PBXAggregateTarget "Framework" */ = {
			isa = XCConfigurationList;
			buildConfigurations = (
				CF52989F1A0D6DED002A4D54 /* Debug */,
				CF5298A01A0D6DED002A4D54 /* Release */,
			);
			defaultConfigurationIsVisible = 0;
			defaultConfigurationName = Release;
		};
		CFBB413119B92514002AE1A9 /* Build configuration list for PBXProject "SensingKit" */ = {
			isa = XCConfigurationList;
			buildConfigurations = (
				CFBB415719B92514002AE1A9 /* Debug */,
				CFBB415819B92514002AE1A9 /* Release */,
			);
			defaultConfigurationIsVisible = 0;
			defaultConfigurationName = Release;
		};
		CFBB415919B92514002AE1A9 /* Build configuration list for PBXNativeTarget "SensingKit" */ = {
			isa = XCConfigurationList;
			buildConfigurations = (
				CFBB415A19B92514002AE1A9 /* Debug */,
				CFBB415B19B92514002AE1A9 /* Release */,
			);
			defaultConfigurationIsVisible = 0;
			defaultConfigurationName = Release;
		};
		CFBB415C19B92514002AE1A9 /* Build configuration list for PBXNativeTarget "SensingKitTests" */ = {
			isa = XCConfigurationList;
			buildConfigurations = (
				CFBB415D19B92514002AE1A9 /* Debug */,
				CFBB415E19B92514002AE1A9 /* Release */,
			);
			defaultConfigurationIsVisible = 0;
			defaultConfigurationName = Release;
		};
		CFBDACD61BB95F46000C87AB /* Build configuration list for PBXAggregateTarget "Documentation" */ = {
			isa = XCConfigurationList;
			buildConfigurations = (
				CFBDACD41BB95F46000C87AB /* Debug */,
				CFBDACD51BB95F46000C87AB /* Release */,
			);
			defaultConfigurationIsVisible = 0;
		};
/* End XCConfigurationList section */
	};
	rootObject = CFBB412E19B92514002AE1A9 /* Project object */;
}
